
Microsoft Visual Studio Solution File, Format Version 12.00
# Visual Studio 15
VisualStudioVersion = 15.0.27004.2009
MinimumVisualStudioVersion = 10.0.40219.1
Project("{FAE04EC0-301F-11D3-BF4B-00C04F79EFBC}") = "UnitTesterExample", "UnitTesterExample\UnitTesterExample.csproj", "{09594D79-F831-4A8C-ADF0-D156CE6ED4B1}"
EndProject
Project("{FAE04EC0-301F-11D3-BF4B-00C04F79EFBC}") = "UnitTesterExampleTests", "UnitTesterExampleTests\UnitTesterExampleTests.csproj", "{D37A1C25-C3FB-48C2-B9A9-C1F81F06EBB9}"
EndProject
Global
	GlobalSection(SolutionConfigurationPlatforms) = preSolution
		Debug|Any CPU = Debug|Any CPU
		Release|Any CPU = Release|Any CPU
	EndGlobalSection
	GlobalSection(ProjectConfigurationPlatforms) = postSolution
		{09594D79-F831-4A8C-ADF0-D156CE6ED4B1}.Debug|Any CPU.ActiveCfg = Debug|Any CPU
		{09594D79-F831-4A8C-ADF0-D156CE6ED4B1}.Debug|Any CPU.Build.0 = Debug|Any CPU
		{09594D79-F831-4A8C-ADF0-D156CE6ED4B1}.Release|Any CPU.ActiveCfg = Release|Any CPU
		{09594D79-F831-4A8C-ADF0-D156CE6ED4B1}.Release|Any CPU.Build.0 = Release|Any CPU
		{D37A1C25-C3FB-48C2-B9A9-C1F81F06EBB9}.Debug|Any CPU.ActiveCfg = Debug|Any CPU
		{D37A1C25-C3FB-48C2-B9A9-C1F81F06EBB9}.Debug|Any CPU.Build.0 = Debug|Any CPU
		{D37A1C25-C3FB-48C2-B9A9-C1F81F06EBB9}.Release|Any CPU.ActiveCfg = Release|Any CPU
		{D37A1C25-C3FB-48C2-B9A9-C1F81F06EBB9}.Release|Any CPU.Build.0 = Release|Any CPU
	EndGlobalSection
	GlobalSection(SolutionProperties) = preSolution
		HideSolutionNode = FALSE
	EndGlobalSection
	GlobalSection(ExtensibilityGlobals) = postSolution
		SolutionGuid = {BD1A2318-87C7-44BB-9AEA-6EB444F19DFA}
	EndGlobalSection
EndGlobal
