
Microsoft Visual Studio Solution File, Format Version 12.00
# Visual Studio 14
VisualStudioVersion = 14.0.25420.1
MinimumVisualStudioVersion = 10.0.40219.1
Project("{FAE04EC0-301F-11D3-BF4B-00C04F79EFBC}") = "FilesDirectoriesAndExceptions", "FilesDirectoriesAndExceptions\FilesDirectoriesAndExceptions.csproj", "{C2256920-2784-407B-B1A6-8B65D637BC94}"
EndProject
Project("{FAE04EC0-301F-11D3-BF4B-00C04F79EFBC}") = "fileDemos", "fileDemos\fileDemos.csproj", "{7A2022E6-EC46-41BB-A625-A0BF671135BC}"
EndProject
Project("{FAE04EC0-301F-11D3-BF4B-00C04F79EFBC}") = "OddLines", "OddLines\OddLines.csproj", "{868C402D-4893-486B-A957-24D6E152452C}"
EndProject
Project("{FAE04EC0-301F-11D3-BF4B-00C04F79EFBC}") = "LineNumbers", "LineNumbers\LineNumbers.csproj", "{18CB14D6-6D8B-4C03-8937-EE062198378D}"
EndProject
Project("{FAE04EC0-301F-11D3-BF4B-00C04F79EFBC}") = "WordsCount", "WordsCount\WordsCount.csproj", "{09A36F7B-000A-43B6-B5E6-C1897F863718}"
EndProject
Project("{FAE04EC0-301F-11D3-BF4B-00C04F79EFBC}") = "MergeFiles", "MergeFiles\MergeFiles.csproj", "{4A32EF72-588F-4C7C-BB2B-0764D8A95F3B}"
EndProject
Project("{FAE04EC0-301F-11D3-BF4B-00C04F79EFBC}") = "FolderSize", "FolderSize\FolderSize.csproj", "{019EA80F-541B-4B40-8831-D438869CA4F3}"
EndProject
Global
	GlobalSection(SolutionConfigurationPlatforms) = preSolution
		Debug|Any CPU = Debug|Any CPU
		Release|Any CPU = Release|Any CPU
	EndGlobalSection
	GlobalSection(ProjectConfigurationPlatforms) = postSolution
		{C2256920-2784-407B-B1A6-8B65D637BC94}.Debug|Any CPU.ActiveCfg = Debug|Any CPU
		{C2256920-2784-407B-B1A6-8B65D637BC94}.Debug|Any CPU.Build.0 = Debug|Any CPU
		{C2256920-2784-407B-B1A6-8B65D637BC94}.Release|Any CPU.ActiveCfg = Release|Any CPU
		{C2256920-2784-407B-B1A6-8B65D637BC94}.Release|Any CPU.Build.0 = Release|Any CPU
		{7A2022E6-EC46-41BB-A625-A0BF671135BC}.Debug|Any CPU.ActiveCfg = Debug|Any CPU
		{7A2022E6-EC46-41BB-A625-A0BF671135BC}.Debug|Any CPU.Build.0 = Debug|Any CPU
		{7A2022E6-EC46-41BB-A625-A0BF671135BC}.Release|Any CPU.ActiveCfg = Release|Any CPU
		{7A2022E6-EC46-41BB-A625-A0BF671135BC}.Release|Any CPU.Build.0 = Release|Any CPU
		{868C402D-4893-486B-A957-24D6E152452C}.Debug|Any CPU.ActiveCfg = Debug|Any CPU
		{868C402D-4893-486B-A957-24D6E152452C}.Debug|Any CPU.Build.0 = Debug|Any CPU
		{868C402D-4893-486B-A957-24D6E152452C}.Release|Any CPU.ActiveCfg = Release|Any CPU
		{868C402D-4893-486B-A957-24D6E152452C}.Release|Any CPU.Build.0 = Release|Any CPU
		{18CB14D6-6D8B-4C03-8937-EE062198378D}.Debug|Any CPU.ActiveCfg = Debug|Any CPU
		{18CB14D6-6D8B-4C03-8937-EE062198378D}.Debug|Any CPU.Build.0 = Debug|Any CPU
		{18CB14D6-6D8B-4C03-8937-EE062198378D}.Release|Any CPU.ActiveCfg = Release|Any CPU
		{18CB14D6-6D8B-4C03-8937-EE062198378D}.Release|Any CPU.Build.0 = Release|Any CPU
		{09A36F7B-000A-43B6-B5E6-C1897F863718}.Debug|Any CPU.ActiveCfg = Debug|Any CPU
		{09A36F7B-000A-43B6-B5E6-C1897F863718}.Debug|Any CPU.Build.0 = Debug|Any CPU
		{09A36F7B-000A-43B6-B5E6-C1897F863718}.Release|Any CPU.ActiveCfg = Release|Any CPU
		{09A36F7B-000A-43B6-B5E6-C1897F863718}.Release|Any CPU.Build.0 = Release|Any CPU
		{4A32EF72-588F-4C7C-BB2B-0764D8A95F3B}.Debug|Any CPU.ActiveCfg = Debug|Any CPU
		{4A32EF72-588F-4C7C-BB2B-0764D8A95F3B}.Debug|Any CPU.Build.0 = Debug|Any CPU
		{4A32EF72-588F-4C7C-BB2B-0764D8A95F3B}.Release|Any CPU.ActiveCfg = Release|Any CPU
		{4A32EF72-588F-4C7C-BB2B-0764D8A95F3B}.Release|Any CPU.Build.0 = Release|Any CPU
		{019EA80F-541B-4B40-8831-D438869CA4F3}.Debug|Any CPU.ActiveCfg = Debug|Any CPU
		{019EA80F-541B-4B40-8831-D438869CA4F3}.Debug|Any CPU.Build.0 = Debug|Any CPU
		{019EA80F-541B-4B40-8831-D438869CA4F3}.Release|Any CPU.ActiveCfg = Release|Any CPU
		{019EA80F-541B-4B40-8831-D438869CA4F3}.Release|Any CPU.Build.0 = Release|Any CPU
	EndGlobalSection
	GlobalSection(SolutionProperties) = preSolution
		HideSolutionNode = FALSE
	EndGlobalSection
EndGlobal
