
Microsoft Visual Studio Solution File, Format Version 12.00
# Visual Studio 14
VisualStudioVersion = 14.0.25420.1
MinimumVisualStudioVersion = 10.0.40219.1
Project("{FAE04EC0-301F-11D3-BF4B-00C04F79EFBC}") = "Arrays", "ArraysAndLists\Arrays.csproj", "{F4E83905-AE6D-4240-AC18-E2BD04FCA4AE}"
EndProject
Project("{FAE04EC0-301F-11D3-BF4B-00C04F79EFBC}") = "DayOfWeek", "DayOfWeek\DayOfWeek.csproj", "{AFE9F77E-B1B4-4D62-BEB3-9B2909767396}"
EndProject
Project("{FAE04EC0-301F-11D3-BF4B-00C04F79EFBC}") = "ReverseAnArrayOfIntegers", "ReverseAnArrayOfIntegers\ReverseAnArrayOfIntegers.csproj", "{9D351022-A655-40C9-937B-D5578C5486F4}"
EndProject
Project("{FAE04EC0-301F-11D3-BF4B-00C04F79EFBC}") = "LastKNumbersSums", "LastKNumbersSums\LastKNumbersSums.csproj", "{802D378B-FC43-42F1-989A-5C068574D8C7}"
EndProject
Project("{FAE04EC0-301F-11D3-BF4B-00C04F79EFBC}") = "TripleSum", "TripleSum\TripleSum.csproj", "{09A7872D-5B38-420E-8F11-64FE0C629EA1}"
EndProject
Project("{FAE04EC0-301F-11D3-BF4B-00C04F79EFBC}") = "ReverseAnArrayOfStrings", "ReverseAnArrayOfStrings\ReverseAnArrayOfStrings.csproj", "{C3423180-CC27-4681-A52A-1601105E1565}"
EndProject
Project("{FAE04EC0-301F-11D3-BF4B-00C04F79EFBC}") = "RoundingNumbersAwayFromZero", "RoundingNumbersAwayFromZero\RoundingNumbersAwayFromZero.csproj", "{F47A207C-8AB3-4732-8332-5B9190761319}"
EndProject
Project("{FAE04EC0-301F-11D3-BF4B-00C04F79EFBC}") = "Lists", "Lists\Lists.csproj", "{9E84D4C8-D686-40F9-BDA7-528DF5F88E5E}"
EndProject
Project("{FAE04EC0-301F-11D3-BF4B-00C04F79EFBC}") = "SumArrays", "SumArrays\SumArrays.csproj", "{7D0BA45B-7A7D-4225-8CD2-7BE923A55FCA}"
EndProject
Project("{FAE04EC0-301F-11D3-BF4B-00C04F79EFBC}") = "CondenseArrayToNumber", "CondenseArrayToNumber\CondenseArrayToNumber.csproj", "{F4185FA8-C02C-47B4-8EDA-BF388ED2B08A}"
EndProject
Project("{FAE04EC0-301F-11D3-BF4B-00C04F79EFBC}") = "ExtractMiddleElements", "ExtractMiddleElements\ExtractMiddleElements.csproj", "{D8E6AA13-E6E8-45E7-A86A-37C2C2B9ED1C}"
EndProject
Project("{FAE04EC0-301F-11D3-BF4B-00C04F79EFBC}") = "RemoveNegativesAndReverse", "RemoveNegativesAndReverse\RemoveNegativesAndReverse.csproj", "{00689D01-4E2B-4EE4-9F84-0E5E5C5A5930}"
EndProject
Project("{FAE04EC0-301F-11D3-BF4B-00C04F79EFBC}") = "AppendLists", "AppendLists\AppendLists.csproj", "{A136DB03-EFFC-4301-B442-7BBFA24CFFF4}"
EndProject
Project("{FAE04EC0-301F-11D3-BF4B-00C04F79EFBC}") = "SortNumbers", "SortNumbers\SortNumbers.csproj", "{43B3F847-9940-48B0-9035-B458A4FA1D3A}"
EndProject
Project("{FAE04EC0-301F-11D3-BF4B-00C04F79EFBC}") = "SquareNumbers", "SquareNumbers\SquareNumbers.csproj", "{3A9E6F86-345D-46D2-9302-84DD2AA4F812}"
EndProject
Project("{FAE04EC0-301F-11D3-BF4B-00C04F79EFBC}") = "CountNumbers", "CountNumbers\CountNumbers.csproj", "{C2B39BF0-F37D-454F-940B-0FD4E3708ACD}"
EndProject
Project("{FAE04EC0-301F-11D3-BF4B-00C04F79EFBC}") = "SumAdjacentEqualNumbers", "SumAdjacentEqualNumbers\SumAdjacentEqualNumbers.csproj", "{271CA94D-BD35-41D3-BF99-40EAD78E3FE2}"
EndProject
Project("{FAE04EC0-301F-11D3-BF4B-00C04F79EFBC}") = "SplityWordCasing", "SplityWordCasing\SplityWordCasing.csproj", "{7A872D9D-7BC1-4104-B2F3-8FB0BFA18B02}"
EndProject
Global
	GlobalSection(SolutionConfigurationPlatforms) = preSolution
		Debug|Any CPU = Debug|Any CPU
		Release|Any CPU = Release|Any CPU
	EndGlobalSection
	GlobalSection(ProjectConfigurationPlatforms) = postSolution
		{F4E83905-AE6D-4240-AC18-E2BD04FCA4AE}.Debug|Any CPU.ActiveCfg = Debug|Any CPU
		{F4E83905-AE6D-4240-AC18-E2BD04FCA4AE}.Debug|Any CPU.Build.0 = Debug|Any CPU
		{F4E83905-AE6D-4240-AC18-E2BD04FCA4AE}.Release|Any CPU.ActiveCfg = Release|Any CPU
		{F4E83905-AE6D-4240-AC18-E2BD04FCA4AE}.Release|Any CPU.Build.0 = Release|Any CPU
		{AFE9F77E-B1B4-4D62-BEB3-9B2909767396}.Debug|Any CPU.ActiveCfg = Debug|Any CPU
		{AFE9F77E-B1B4-4D62-BEB3-9B2909767396}.Debug|Any CPU.Build.0 = Debug|Any CPU
		{AFE9F77E-B1B4-4D62-BEB3-9B2909767396}.Release|Any CPU.ActiveCfg = Release|Any CPU
		{AFE9F77E-B1B4-4D62-BEB3-9B2909767396}.Release|Any CPU.Build.0 = Release|Any CPU
		{9D351022-A655-40C9-937B-D5578C5486F4}.Debug|Any CPU.ActiveCfg = Debug|Any CPU
		{9D351022-A655-40C9-937B-D5578C5486F4}.Debug|Any CPU.Build.0 = Debug|Any CPU
		{9D351022-A655-40C9-937B-D5578C5486F4}.Release|Any CPU.ActiveCfg = Release|Any CPU
		{9D351022-A655-40C9-937B-D5578C5486F4}.Release|Any CPU.Build.0 = Release|Any CPU
		{802D378B-FC43-42F1-989A-5C068574D8C7}.Debug|Any CPU.ActiveCfg = Debug|Any CPU
		{802D378B-FC43-42F1-989A-5C068574D8C7}.Debug|Any CPU.Build.0 = Debug|Any CPU
		{802D378B-FC43-42F1-989A-5C068574D8C7}.Release|Any CPU.ActiveCfg = Release|Any CPU
		{802D378B-FC43-42F1-989A-5C068574D8C7}.Release|Any CPU.Build.0 = Release|Any CPU
		{09A7872D-5B38-420E-8F11-64FE0C629EA1}.Debug|Any CPU.ActiveCfg = Debug|Any CPU
		{09A7872D-5B38-420E-8F11-64FE0C629EA1}.Debug|Any CPU.Build.0 = Debug|Any CPU
		{09A7872D-5B38-420E-8F11-64FE0C629EA1}.Release|Any CPU.ActiveCfg = Release|Any CPU
		{09A7872D-5B38-420E-8F11-64FE0C629EA1}.Release|Any CPU.Build.0 = Release|Any CPU
		{C3423180-CC27-4681-A52A-1601105E1565}.Debug|Any CPU.ActiveCfg = Debug|Any CPU
		{C3423180-CC27-4681-A52A-1601105E1565}.Debug|Any CPU.Build.0 = Debug|Any CPU
		{C3423180-CC27-4681-A52A-1601105E1565}.Release|Any CPU.ActiveCfg = Release|Any CPU
		{C3423180-CC27-4681-A52A-1601105E1565}.Release|Any CPU.Build.0 = Release|Any CPU
		{F47A207C-8AB3-4732-8332-5B9190761319}.Debug|Any CPU.ActiveCfg = Debug|Any CPU
		{F47A207C-8AB3-4732-8332-5B9190761319}.Debug|Any CPU.Build.0 = Debug|Any CPU
		{F47A207C-8AB3-4732-8332-5B9190761319}.Release|Any CPU.ActiveCfg = Release|Any CPU
		{F47A207C-8AB3-4732-8332-5B9190761319}.Release|Any CPU.Build.0 = Release|Any CPU
		{9E84D4C8-D686-40F9-BDA7-528DF5F88E5E}.Debug|Any CPU.ActiveCfg = Debug|Any CPU
		{9E84D4C8-D686-40F9-BDA7-528DF5F88E5E}.Debug|Any CPU.Build.0 = Debug|Any CPU
		{9E84D4C8-D686-40F9-BDA7-528DF5F88E5E}.Release|Any CPU.ActiveCfg = Release|Any CPU
		{9E84D4C8-D686-40F9-BDA7-528DF5F88E5E}.Release|Any CPU.Build.0 = Release|Any CPU
		{7D0BA45B-7A7D-4225-8CD2-7BE923A55FCA}.Debug|Any CPU.ActiveCfg = Debug|Any CPU
		{7D0BA45B-7A7D-4225-8CD2-7BE923A55FCA}.Debug|Any CPU.Build.0 = Debug|Any CPU
		{7D0BA45B-7A7D-4225-8CD2-7BE923A55FCA}.Release|Any CPU.ActiveCfg = Release|Any CPU
		{7D0BA45B-7A7D-4225-8CD2-7BE923A55FCA}.Release|Any CPU.Build.0 = Release|Any CPU
		{F4185FA8-C02C-47B4-8EDA-BF388ED2B08A}.Debug|Any CPU.ActiveCfg = Debug|Any CPU
		{F4185FA8-C02C-47B4-8EDA-BF388ED2B08A}.Debug|Any CPU.Build.0 = Debug|Any CPU
		{F4185FA8-C02C-47B4-8EDA-BF388ED2B08A}.Release|Any CPU.ActiveCfg = Release|Any CPU
		{F4185FA8-C02C-47B4-8EDA-BF388ED2B08A}.Release|Any CPU.Build.0 = Release|Any CPU
		{D8E6AA13-E6E8-45E7-A86A-37C2C2B9ED1C}.Debug|Any CPU.ActiveCfg = Debug|Any CPU
		{D8E6AA13-E6E8-45E7-A86A-37C2C2B9ED1C}.Debug|Any CPU.Build.0 = Debug|Any CPU
		{D8E6AA13-E6E8-45E7-A86A-37C2C2B9ED1C}.Release|Any CPU.ActiveCfg = Release|Any CPU
		{D8E6AA13-E6E8-45E7-A86A-37C2C2B9ED1C}.Release|Any CPU.Build.0 = Release|Any CPU
		{00689D01-4E2B-4EE4-9F84-0E5E5C5A5930}.Debug|Any CPU.ActiveCfg = Debug|Any CPU
		{00689D01-4E2B-4EE4-9F84-0E5E5C5A5930}.Debug|Any CPU.Build.0 = Debug|Any CPU
		{00689D01-4E2B-4EE4-9F84-0E5E5C5A5930}.Release|Any CPU.ActiveCfg = Release|Any CPU
		{00689D01-4E2B-4EE4-9F84-0E5E5C5A5930}.Release|Any CPU.Build.0 = Release|Any CPU
		{A136DB03-EFFC-4301-B442-7BBFA24CFFF4}.Debug|Any CPU.ActiveCfg = Debug|Any CPU
		{A136DB03-EFFC-4301-B442-7BBFA24CFFF4}.Debug|Any CPU.Build.0 = Debug|Any CPU
		{A136DB03-EFFC-4301-B442-7BBFA24CFFF4}.Release|Any CPU.ActiveCfg = Release|Any CPU
		{A136DB03-EFFC-4301-B442-7BBFA24CFFF4}.Release|Any CPU.Build.0 = Release|Any CPU
		{43B3F847-9940-48B0-9035-B458A4FA1D3A}.Debug|Any CPU.ActiveCfg = Debug|Any CPU
		{43B3F847-9940-48B0-9035-B458A4FA1D3A}.Debug|Any CPU.Build.0 = Debug|Any CPU
		{43B3F847-9940-48B0-9035-B458A4FA1D3A}.Release|Any CPU.ActiveCfg = Release|Any CPU
		{43B3F847-9940-48B0-9035-B458A4FA1D3A}.Release|Any CPU.Build.0 = Release|Any CPU
		{3A9E6F86-345D-46D2-9302-84DD2AA4F812}.Debug|Any CPU.ActiveCfg = Debug|Any CPU
		{3A9E6F86-345D-46D2-9302-84DD2AA4F812}.Debug|Any CPU.Build.0 = Debug|Any CPU
		{3A9E6F86-345D-46D2-9302-84DD2AA4F812}.Release|Any CPU.ActiveCfg = Release|Any CPU
		{3A9E6F86-345D-46D2-9302-84DD2AA4F812}.Release|Any CPU.Build.0 = Release|Any CPU
		{C2B39BF0-F37D-454F-940B-0FD4E3708ACD}.Debug|Any CPU.ActiveCfg = Debug|Any CPU
		{C2B39BF0-F37D-454F-940B-0FD4E3708ACD}.Debug|Any CPU.Build.0 = Debug|Any CPU
		{C2B39BF0-F37D-454F-940B-0FD4E3708ACD}.Release|Any CPU.ActiveCfg = Release|Any CPU
		{C2B39BF0-F37D-454F-940B-0FD4E3708ACD}.Release|Any CPU.Build.0 = Release|Any CPU
		{271CA94D-BD35-41D3-BF99-40EAD78E3FE2}.Debug|Any CPU.ActiveCfg = Debug|Any CPU
		{271CA94D-BD35-41D3-BF99-40EAD78E3FE2}.Debug|Any CPU.Build.0 = Debug|Any CPU
		{271CA94D-BD35-41D3-BF99-40EAD78E3FE2}.Release|Any CPU.ActiveCfg = Release|Any CPU
		{271CA94D-BD35-41D3-BF99-40EAD78E3FE2}.Release|Any CPU.Build.0 = Release|Any CPU
		{7A872D9D-7BC1-4104-B2F3-8FB0BFA18B02}.Debug|Any CPU.ActiveCfg = Debug|Any CPU
		{7A872D9D-7BC1-4104-B2F3-8FB0BFA18B02}.Debug|Any CPU.Build.0 = Debug|Any CPU
		{7A872D9D-7BC1-4104-B2F3-8FB0BFA18B02}.Release|Any CPU.ActiveCfg = Release|Any CPU
		{7A872D9D-7BC1-4104-B2F3-8FB0BFA18B02}.Release|Any CPU.Build.0 = Release|Any CPU
	EndGlobalSection
	GlobalSection(SolutionProperties) = preSolution
		HideSolutionNode = FALSE
	EndGlobalSection
EndGlobal
