
Microsoft Visual Studio Solution File, Format Version 12.00
# Visual Studio 14
VisualStudioVersion = 14.0.25420.1
MinimumVisualStudioVersion = 10.0.40219.1
Project("{FAE04EC0-301F-11D3-BF4B-00C04F79EFBC}") = "Csharp Conditional Statements and Loops", "Csharp Conditional Statements and Loops\Csharp Conditional Statements and Loops.csproj", "{01924CAA-3D4B-4A61-A617-A02E9497E7E6}"
EndProject
Project("{FAE04EC0-301F-11D3-BF4B-00C04F79EFBC}") = "1.Passed", "1.Passed\1.Passed.csproj", "{2CCECD91-D1A6-4292-B62E-87DBAE702D16}"
EndProject
Project("{FAE04EC0-301F-11D3-BF4B-00C04F79EFBC}") = "2.PassedOrFailed", "2.PassedOrFailed\2.PassedOrFailed.csproj", "{96ED7F98-F290-43F6-AFE3-CFBD29227382}"
EndProject
Project("{FAE04EC0-301F-11D3-BF4B-00C04F79EFBC}") = "3.Back in 30 minutes", "3.Back in 30 minutes\3.Back in 30 minutes.csproj", "{62248951-7BF7-4FC1-A2F1-8D6387FDCAE7}"
EndProject
Project("{FAE04EC0-301F-11D3-BF4B-00C04F79EFBC}") = "4.Month Printer", "4.Month Printer\4.Month Printer.csproj", "{517889DA-345F-409D-97A7-BF8EEA22C0B4}"
EndProject
Project("{FAE04EC0-301F-11D3-BF4B-00C04F79EFBC}") = "5.Foreign Languages", "5.Foreign Languages\5.Foreign Languages.csproj", "{243084AC-E0C8-4D7D-970F-84EB640824FA}"
EndProject
Project("{FAE04EC0-301F-11D3-BF4B-00C04F79EFBC}") = "6.Theatre Promotions", "6.Theatre Promotions\6.Theatre Promotions.csproj", "{0B715A8C-B7F6-4CA7-B035-015B0105AA11}"
EndProject
Project("{FAE04EC0-301F-11D3-BF4B-00C04F79EFBC}") = "7.DivisibleByThree", "7.DivisibleByThree\7.DivisibleByThree.csproj", "{06BBDA38-3D56-4859-AB39-AE37DD1C7D82}"
EndProject
Project("{FAE04EC0-301F-11D3-BF4B-00C04F79EFBC}") = "8.Sum of Odd Numbers", "8.Sum of Odd Numbers\8.Sum of Odd Numbers.csproj", "{EA64C937-D72E-4646-8CAD-3983AF05E5C0}"
EndProject
Project("{FAE04EC0-301F-11D3-BF4B-00C04F79EFBC}") = "9.Multiplication Table", "9.Multiplication Table\9.Multiplication Table.csproj", "{2BFBF63C-EA5E-4EB7-BEE5-50C7FEF4B010}"
EndProject
Project("{FAE04EC0-301F-11D3-BF4B-00C04F79EFBC}") = "10.Multiplication Table 2.0", "10.Multiplication Table 2.0\10.Multiplication Table 2.0.csproj", "{F452CA98-6E6F-4A79-B58E-B2A5583C94AB}"
EndProject
Project("{FAE04EC0-301F-11D3-BF4B-00C04F79EFBC}") = "11. Odd Number", "11. Odd Number\11. Odd Number.csproj", "{8D6B25EE-FE53-45C2-B019-5D94581E6C43}"
EndProject
Project("{FAE04EC0-301F-11D3-BF4B-00C04F79EFBC}") = "12. Number checker", "12. Number checker\12. Number checker.csproj", "{0CD9FC6C-7EF4-4237-9FD6-4303EB479EFC}"
EndProject
Project("{2150E333-8FDC-42A3-9474-1A3956D46DE8}") = "Exercises", "Exercises", "{42DEC7A7-0414-4B76-B302-A148D8663B47}"
EndProject
Project("{FAE04EC0-301F-11D3-BF4B-00C04F79EFBC}") = "1. Choose a Drink", "1. Choose a Drink\1. Choose a Drink.csproj", "{DA04878D-FDDD-4820-A160-2812C744C81E}"
EndProject
Project("{FAE04EC0-301F-11D3-BF4B-00C04F79EFBC}") = "2.Choose a drink 2.0", "2.Choose a drink 2.0\2.Choose a drink 2.0.csproj", "{0547DB53-9CC3-4723-A421-224296BE80AB}"
EndProject
Project("{FAE04EC0-301F-11D3-BF4B-00C04F79EFBC}") = "3.Resturant Price", "3.Resturant Price\3.Resturant Price.csproj", "{2BE7E415-0C4C-4882-806D-997A59C9475A}"
EndProject
Project("{FAE04EC0-301F-11D3-BF4B-00C04F79EFBC}") = "13.Hotel", "Hotel\13.Hotel.csproj", "{0D8723A0-555D-400B-80BB-048C2F2A21D2}"
EndProject
Project("{FAE04EC0-301F-11D3-BF4B-00C04F79EFBC}") = "5.Word in Plural", "5.Word in Plural\5.Word in Plural.csproj", "{1820772B-2D1F-4FF3-AFE5-98D8D44A3864}"
EndProject
Project("{FAE04EC0-301F-11D3-BF4B-00C04F79EFBC}") = "6. Interval of Numbers", "6. Interval of Numbers\6. Interval of Numbers.csproj", "{790C283C-F465-40F5-8852-B2C379D1090C}"
EndProject
Project("{FAE04EC0-301F-11D3-BF4B-00C04F79EFBC}") = "7. Cake Ingredients", "7. Cake Ingredients\7. Cake Ingredients.csproj", "{993EC211-4078-4CFE-923D-C9CB12D7E593}"
EndProject
Project("{FAE04EC0-301F-11D3-BF4B-00C04F79EFBC}") = "8.CaloriesCounter", "8.CaloriesCounter\8.CaloriesCounter.csproj", "{02831AFC-F9B4-4B06-8F2B-CCBB6B44750F}"
EndProject
Project("{FAE04EC0-301F-11D3-BF4B-00C04F79EFBC}") = "9. Count the Integers", "9. Count the Integers\9. Count the Integers.csproj", "{623D8731-483D-4CFB-8DD0-400FBE60875E}"
EndProject
Project("{FAE04EC0-301F-11D3-BF4B-00C04F79EFBC}") = "10. Triangle of Numbers", "10. Triangle of Numbers\10. Triangle of Numbers.csproj", "{D396200D-2004-4D84-9BDD-C1D235564AE1}"
EndProject
Project("{FAE04EC0-301F-11D3-BF4B-00C04F79EFBC}") = "11. 5 Different Numbers", "11. 5 Different Numbers\11. 5 Different Numbers.csproj", "{259C3AFE-3FC5-4D15-912B-1177CDAE80BB}"
EndProject
Project("{FAE04EC0-301F-11D3-BF4B-00C04F79EFBC}") = "12. Test Numbers", "12. Test Numbers\12. Test Numbers.csproj", "{9FCB7CAA-D48E-4C01-8DCB-4C3CC9CF9021}"
EndProject
Project("{FAE04EC0-301F-11D3-BF4B-00C04F79EFBC}") = "13. Game of Numbers", "13. Game of Numbers\13. Game of Numbers.csproj", "{6FBC1D23-1DDB-4D97-8FB7-3EDD00D9BB22}"
EndProject
Project("{FAE04EC0-301F-11D3-BF4B-00C04F79EFBC}") = "14.Magic Number", "14.Magic Number\14.Magic Number.csproj", "{F326CF6E-A272-4085-A90C-F4370A8E3887}"
EndProject
Project("{FAE04EC0-301F-11D3-BF4B-00C04F79EFBC}") = "15.Neighbour Wars", "15.Neighbour Wars\15.Neighbour Wars.csproj", "{1EEEC1B9-D101-42CC-9D21-5FE6D4992695}"
EndProject
Project("{FAE04EC0-301F-11D3-BF4B-00C04F79EFBC}") = "16.Different Number", "16.Different Number\16.Different Number.csproj", "{B432776A-187B-4C00-91C8-0BC7321866EA}"
EndProject
Global
	GlobalSection(SolutionConfigurationPlatforms) = preSolution
		Debug|Any CPU = Debug|Any CPU
		Release|Any CPU = Release|Any CPU
	EndGlobalSection
	GlobalSection(ProjectConfigurationPlatforms) = postSolution
		{01924CAA-3D4B-4A61-A617-A02E9497E7E6}.Debug|Any CPU.ActiveCfg = Debug|Any CPU
		{01924CAA-3D4B-4A61-A617-A02E9497E7E6}.Debug|Any CPU.Build.0 = Debug|Any CPU
		{01924CAA-3D4B-4A61-A617-A02E9497E7E6}.Release|Any CPU.ActiveCfg = Release|Any CPU
		{01924CAA-3D4B-4A61-A617-A02E9497E7E6}.Release|Any CPU.Build.0 = Release|Any CPU
		{2CCECD91-D1A6-4292-B62E-87DBAE702D16}.Debug|Any CPU.ActiveCfg = Debug|Any CPU
		{2CCECD91-D1A6-4292-B62E-87DBAE702D16}.Debug|Any CPU.Build.0 = Debug|Any CPU
		{2CCECD91-D1A6-4292-B62E-87DBAE702D16}.Release|Any CPU.ActiveCfg = Release|Any CPU
		{2CCECD91-D1A6-4292-B62E-87DBAE702D16}.Release|Any CPU.Build.0 = Release|Any CPU
		{96ED7F98-F290-43F6-AFE3-CFBD29227382}.Debug|Any CPU.ActiveCfg = Debug|Any CPU
		{96ED7F98-F290-43F6-AFE3-CFBD29227382}.Debug|Any CPU.Build.0 = Debug|Any CPU
		{96ED7F98-F290-43F6-AFE3-CFBD29227382}.Release|Any CPU.ActiveCfg = Release|Any CPU
		{96ED7F98-F290-43F6-AFE3-CFBD29227382}.Release|Any CPU.Build.0 = Release|Any CPU
		{62248951-7BF7-4FC1-A2F1-8D6387FDCAE7}.Debug|Any CPU.ActiveCfg = Debug|Any CPU
		{62248951-7BF7-4FC1-A2F1-8D6387FDCAE7}.Debug|Any CPU.Build.0 = Debug|Any CPU
		{62248951-7BF7-4FC1-A2F1-8D6387FDCAE7}.Release|Any CPU.ActiveCfg = Release|Any CPU
		{62248951-7BF7-4FC1-A2F1-8D6387FDCAE7}.Release|Any CPU.Build.0 = Release|Any CPU
		{517889DA-345F-409D-97A7-BF8EEA22C0B4}.Debug|Any CPU.ActiveCfg = Debug|Any CPU
		{517889DA-345F-409D-97A7-BF8EEA22C0B4}.Debug|Any CPU.Build.0 = Debug|Any CPU
		{517889DA-345F-409D-97A7-BF8EEA22C0B4}.Release|Any CPU.ActiveCfg = Release|Any CPU
		{517889DA-345F-409D-97A7-BF8EEA22C0B4}.Release|Any CPU.Build.0 = Release|Any CPU
		{243084AC-E0C8-4D7D-970F-84EB640824FA}.Debug|Any CPU.ActiveCfg = Debug|Any CPU
		{243084AC-E0C8-4D7D-970F-84EB640824FA}.Debug|Any CPU.Build.0 = Debug|Any CPU
		{243084AC-E0C8-4D7D-970F-84EB640824FA}.Release|Any CPU.ActiveCfg = Release|Any CPU
		{243084AC-E0C8-4D7D-970F-84EB640824FA}.Release|Any CPU.Build.0 = Release|Any CPU
		{0B715A8C-B7F6-4CA7-B035-015B0105AA11}.Debug|Any CPU.ActiveCfg = Debug|Any CPU
		{0B715A8C-B7F6-4CA7-B035-015B0105AA11}.Debug|Any CPU.Build.0 = Debug|Any CPU
		{0B715A8C-B7F6-4CA7-B035-015B0105AA11}.Release|Any CPU.ActiveCfg = Release|Any CPU
		{0B715A8C-B7F6-4CA7-B035-015B0105AA11}.Release|Any CPU.Build.0 = Release|Any CPU
		{06BBDA38-3D56-4859-AB39-AE37DD1C7D82}.Debug|Any CPU.ActiveCfg = Debug|Any CPU
		{06BBDA38-3D56-4859-AB39-AE37DD1C7D82}.Debug|Any CPU.Build.0 = Debug|Any CPU
		{06BBDA38-3D56-4859-AB39-AE37DD1C7D82}.Release|Any CPU.ActiveCfg = Release|Any CPU
		{06BBDA38-3D56-4859-AB39-AE37DD1C7D82}.Release|Any CPU.Build.0 = Release|Any CPU
		{EA64C937-D72E-4646-8CAD-3983AF05E5C0}.Debug|Any CPU.ActiveCfg = Debug|Any CPU
		{EA64C937-D72E-4646-8CAD-3983AF05E5C0}.Debug|Any CPU.Build.0 = Debug|Any CPU
		{EA64C937-D72E-4646-8CAD-3983AF05E5C0}.Release|Any CPU.ActiveCfg = Release|Any CPU
		{EA64C937-D72E-4646-8CAD-3983AF05E5C0}.Release|Any CPU.Build.0 = Release|Any CPU
		{2BFBF63C-EA5E-4EB7-BEE5-50C7FEF4B010}.Debug|Any CPU.ActiveCfg = Debug|Any CPU
		{2BFBF63C-EA5E-4EB7-BEE5-50C7FEF4B010}.Debug|Any CPU.Build.0 = Debug|Any CPU
		{2BFBF63C-EA5E-4EB7-BEE5-50C7FEF4B010}.Release|Any CPU.ActiveCfg = Release|Any CPU
		{2BFBF63C-EA5E-4EB7-BEE5-50C7FEF4B010}.Release|Any CPU.Build.0 = Release|Any CPU
		{F452CA98-6E6F-4A79-B58E-B2A5583C94AB}.Debug|Any CPU.ActiveCfg = Debug|Any CPU
		{F452CA98-6E6F-4A79-B58E-B2A5583C94AB}.Debug|Any CPU.Build.0 = Debug|Any CPU
		{F452CA98-6E6F-4A79-B58E-B2A5583C94AB}.Release|Any CPU.ActiveCfg = Release|Any CPU
		{F452CA98-6E6F-4A79-B58E-B2A5583C94AB}.Release|Any CPU.Build.0 = Release|Any CPU
		{8D6B25EE-FE53-45C2-B019-5D94581E6C43}.Debug|Any CPU.ActiveCfg = Debug|Any CPU
		{8D6B25EE-FE53-45C2-B019-5D94581E6C43}.Debug|Any CPU.Build.0 = Debug|Any CPU
		{8D6B25EE-FE53-45C2-B019-5D94581E6C43}.Release|Any CPU.ActiveCfg = Release|Any CPU
		{8D6B25EE-FE53-45C2-B019-5D94581E6C43}.Release|Any CPU.Build.0 = Release|Any CPU
		{0CD9FC6C-7EF4-4237-9FD6-4303EB479EFC}.Debug|Any CPU.ActiveCfg = Debug|Any CPU
		{0CD9FC6C-7EF4-4237-9FD6-4303EB479EFC}.Debug|Any CPU.Build.0 = Debug|Any CPU
		{0CD9FC6C-7EF4-4237-9FD6-4303EB479EFC}.Release|Any CPU.ActiveCfg = Release|Any CPU
		{0CD9FC6C-7EF4-4237-9FD6-4303EB479EFC}.Release|Any CPU.Build.0 = Release|Any CPU
		{DA04878D-FDDD-4820-A160-2812C744C81E}.Debug|Any CPU.ActiveCfg = Debug|Any CPU
		{DA04878D-FDDD-4820-A160-2812C744C81E}.Debug|Any CPU.Build.0 = Debug|Any CPU
		{DA04878D-FDDD-4820-A160-2812C744C81E}.Release|Any CPU.ActiveCfg = Release|Any CPU
		{DA04878D-FDDD-4820-A160-2812C744C81E}.Release|Any CPU.Build.0 = Release|Any CPU
		{0547DB53-9CC3-4723-A421-224296BE80AB}.Debug|Any CPU.ActiveCfg = Debug|Any CPU
		{0547DB53-9CC3-4723-A421-224296BE80AB}.Debug|Any CPU.Build.0 = Debug|Any CPU
		{0547DB53-9CC3-4723-A421-224296BE80AB}.Release|Any CPU.ActiveCfg = Release|Any CPU
		{0547DB53-9CC3-4723-A421-224296BE80AB}.Release|Any CPU.Build.0 = Release|Any CPU
		{2BE7E415-0C4C-4882-806D-997A59C9475A}.Debug|Any CPU.ActiveCfg = Debug|Any CPU
		{2BE7E415-0C4C-4882-806D-997A59C9475A}.Debug|Any CPU.Build.0 = Debug|Any CPU
		{2BE7E415-0C4C-4882-806D-997A59C9475A}.Release|Any CPU.ActiveCfg = Release|Any CPU
		{2BE7E415-0C4C-4882-806D-997A59C9475A}.Release|Any CPU.Build.0 = Release|Any CPU
		{0D8723A0-555D-400B-80BB-048C2F2A21D2}.Debug|Any CPU.ActiveCfg = Debug|Any CPU
		{0D8723A0-555D-400B-80BB-048C2F2A21D2}.Debug|Any CPU.Build.0 = Debug|Any CPU
		{0D8723A0-555D-400B-80BB-048C2F2A21D2}.Release|Any CPU.ActiveCfg = Release|Any CPU
		{0D8723A0-555D-400B-80BB-048C2F2A21D2}.Release|Any CPU.Build.0 = Release|Any CPU
		{1820772B-2D1F-4FF3-AFE5-98D8D44A3864}.Debug|Any CPU.ActiveCfg = Debug|Any CPU
		{1820772B-2D1F-4FF3-AFE5-98D8D44A3864}.Debug|Any CPU.Build.0 = Debug|Any CPU
		{1820772B-2D1F-4FF3-AFE5-98D8D44A3864}.Release|Any CPU.ActiveCfg = Release|Any CPU
		{1820772B-2D1F-4FF3-AFE5-98D8D44A3864}.Release|Any CPU.Build.0 = Release|Any CPU
		{790C283C-F465-40F5-8852-B2C379D1090C}.Debug|Any CPU.ActiveCfg = Debug|Any CPU
		{790C283C-F465-40F5-8852-B2C379D1090C}.Debug|Any CPU.Build.0 = Debug|Any CPU
		{790C283C-F465-40F5-8852-B2C379D1090C}.Release|Any CPU.ActiveCfg = Release|Any CPU
		{790C283C-F465-40F5-8852-B2C379D1090C}.Release|Any CPU.Build.0 = Release|Any CPU
		{993EC211-4078-4CFE-923D-C9CB12D7E593}.Debug|Any CPU.ActiveCfg = Debug|Any CPU
		{993EC211-4078-4CFE-923D-C9CB12D7E593}.Debug|Any CPU.Build.0 = Debug|Any CPU
		{993EC211-4078-4CFE-923D-C9CB12D7E593}.Release|Any CPU.ActiveCfg = Release|Any CPU
		{993EC211-4078-4CFE-923D-C9CB12D7E593}.Release|Any CPU.Build.0 = Release|Any CPU
		{02831AFC-F9B4-4B06-8F2B-CCBB6B44750F}.Debug|Any CPU.ActiveCfg = Debug|Any CPU
		{02831AFC-F9B4-4B06-8F2B-CCBB6B44750F}.Debug|Any CPU.Build.0 = Debug|Any CPU
		{02831AFC-F9B4-4B06-8F2B-CCBB6B44750F}.Release|Any CPU.ActiveCfg = Release|Any CPU
		{02831AFC-F9B4-4B06-8F2B-CCBB6B44750F}.Release|Any CPU.Build.0 = Release|Any CPU
		{623D8731-483D-4CFB-8DD0-400FBE60875E}.Debug|Any CPU.ActiveCfg = Debug|Any CPU
		{623D8731-483D-4CFB-8DD0-400FBE60875E}.Debug|Any CPU.Build.0 = Debug|Any CPU
		{623D8731-483D-4CFB-8DD0-400FBE60875E}.Release|Any CPU.ActiveCfg = Release|Any CPU
		{623D8731-483D-4CFB-8DD0-400FBE60875E}.Release|Any CPU.Build.0 = Release|Any CPU
		{D396200D-2004-4D84-9BDD-C1D235564AE1}.Debug|Any CPU.ActiveCfg = Debug|Any CPU
		{D396200D-2004-4D84-9BDD-C1D235564AE1}.Debug|Any CPU.Build.0 = Debug|Any CPU
		{D396200D-2004-4D84-9BDD-C1D235564AE1}.Release|Any CPU.ActiveCfg = Release|Any CPU
		{D396200D-2004-4D84-9BDD-C1D235564AE1}.Release|Any CPU.Build.0 = Release|Any CPU
		{259C3AFE-3FC5-4D15-912B-1177CDAE80BB}.Debug|Any CPU.ActiveCfg = Debug|Any CPU
		{259C3AFE-3FC5-4D15-912B-1177CDAE80BB}.Debug|Any CPU.Build.0 = Debug|Any CPU
		{259C3AFE-3FC5-4D15-912B-1177CDAE80BB}.Release|Any CPU.ActiveCfg = Release|Any CPU
		{259C3AFE-3FC5-4D15-912B-1177CDAE80BB}.Release|Any CPU.Build.0 = Release|Any CPU
		{9FCB7CAA-D48E-4C01-8DCB-4C3CC9CF9021}.Debug|Any CPU.ActiveCfg = Debug|Any CPU
		{9FCB7CAA-D48E-4C01-8DCB-4C3CC9CF9021}.Debug|Any CPU.Build.0 = Debug|Any CPU
		{9FCB7CAA-D48E-4C01-8DCB-4C3CC9CF9021}.Release|Any CPU.ActiveCfg = Release|Any CPU
		{9FCB7CAA-D48E-4C01-8DCB-4C3CC9CF9021}.Release|Any CPU.Build.0 = Release|Any CPU
		{6FBC1D23-1DDB-4D97-8FB7-3EDD00D9BB22}.Debug|Any CPU.ActiveCfg = Debug|Any CPU
		{6FBC1D23-1DDB-4D97-8FB7-3EDD00D9BB22}.Debug|Any CPU.Build.0 = Debug|Any CPU
		{6FBC1D23-1DDB-4D97-8FB7-3EDD00D9BB22}.Release|Any CPU.ActiveCfg = Release|Any CPU
		{6FBC1D23-1DDB-4D97-8FB7-3EDD00D9BB22}.Release|Any CPU.Build.0 = Release|Any CPU
		{F326CF6E-A272-4085-A90C-F4370A8E3887}.Debug|Any CPU.ActiveCfg = Debug|Any CPU
		{F326CF6E-A272-4085-A90C-F4370A8E3887}.Debug|Any CPU.Build.0 = Debug|Any CPU
		{F326CF6E-A272-4085-A90C-F4370A8E3887}.Release|Any CPU.ActiveCfg = Release|Any CPU
		{F326CF6E-A272-4085-A90C-F4370A8E3887}.Release|Any CPU.Build.0 = Release|Any CPU
		{1EEEC1B9-D101-42CC-9D21-5FE6D4992695}.Debug|Any CPU.ActiveCfg = Debug|Any CPU
		{1EEEC1B9-D101-42CC-9D21-5FE6D4992695}.Debug|Any CPU.Build.0 = Debug|Any CPU
		{1EEEC1B9-D101-42CC-9D21-5FE6D4992695}.Release|Any CPU.ActiveCfg = Release|Any CPU
		{1EEEC1B9-D101-42CC-9D21-5FE6D4992695}.Release|Any CPU.Build.0 = Release|Any CPU
		{B432776A-187B-4C00-91C8-0BC7321866EA}.Debug|Any CPU.ActiveCfg = Debug|Any CPU
		{B432776A-187B-4C00-91C8-0BC7321866EA}.Debug|Any CPU.Build.0 = Debug|Any CPU
		{B432776A-187B-4C00-91C8-0BC7321866EA}.Release|Any CPU.ActiveCfg = Release|Any CPU
		{B432776A-187B-4C00-91C8-0BC7321866EA}.Release|Any CPU.Build.0 = Release|Any CPU
	EndGlobalSection
	GlobalSection(SolutionProperties) = preSolution
		HideSolutionNode = FALSE
	EndGlobalSection
	GlobalSection(NestedProjects) = preSolution
		{DA04878D-FDDD-4820-A160-2812C744C81E} = {42DEC7A7-0414-4B76-B302-A148D8663B47}
		{0547DB53-9CC3-4723-A421-224296BE80AB} = {42DEC7A7-0414-4B76-B302-A148D8663B47}
		{2BE7E415-0C4C-4882-806D-997A59C9475A} = {42DEC7A7-0414-4B76-B302-A148D8663B47}
		{0D8723A0-555D-400B-80BB-048C2F2A21D2} = {42DEC7A7-0414-4B76-B302-A148D8663B47}
		{1820772B-2D1F-4FF3-AFE5-98D8D44A3864} = {42DEC7A7-0414-4B76-B302-A148D8663B47}
		{790C283C-F465-40F5-8852-B2C379D1090C} = {42DEC7A7-0414-4B76-B302-A148D8663B47}
		{993EC211-4078-4CFE-923D-C9CB12D7E593} = {42DEC7A7-0414-4B76-B302-A148D8663B47}
		{02831AFC-F9B4-4B06-8F2B-CCBB6B44750F} = {42DEC7A7-0414-4B76-B302-A148D8663B47}
		{623D8731-483D-4CFB-8DD0-400FBE60875E} = {42DEC7A7-0414-4B76-B302-A148D8663B47}
		{D396200D-2004-4D84-9BDD-C1D235564AE1} = {42DEC7A7-0414-4B76-B302-A148D8663B47}
		{259C3AFE-3FC5-4D15-912B-1177CDAE80BB} = {42DEC7A7-0414-4B76-B302-A148D8663B47}
		{9FCB7CAA-D48E-4C01-8DCB-4C3CC9CF9021} = {42DEC7A7-0414-4B76-B302-A148D8663B47}
		{6FBC1D23-1DDB-4D97-8FB7-3EDD00D9BB22} = {42DEC7A7-0414-4B76-B302-A148D8663B47}
		{F326CF6E-A272-4085-A90C-F4370A8E3887} = {42DEC7A7-0414-4B76-B302-A148D8663B47}
		{1EEEC1B9-D101-42CC-9D21-5FE6D4992695} = {42DEC7A7-0414-4B76-B302-A148D8663B47}
		{B432776A-187B-4C00-91C8-0BC7321866EA} = {42DEC7A7-0414-4B76-B302-A148D8663B47}
	EndGlobalSection
EndGlobal
