
Microsoft Visual Studio Solution File, Format Version 12.00
# Visual Studio 15
VisualStudioVersion = 15.0.27004.2009
MinimumVisualStudioVersion = 10.0.40219.1
Project("{FAE04EC0-301F-11D3-BF4B-00C04F79EFBC}") = "Functional Programming", "Functional Programming\Functional Programming.csproj", "{92A6F734-8BB1-4BE6-B4BF-6197DF79B5C2}"
EndProject
Project("{FAE04EC0-301F-11D3-BF4B-00C04F79EFBC}") = "01.Sort Even Numbers", "01.Sort Even Numbers\01.Sort Even Numbers.csproj", "{192C7F9C-953F-4349-A9F9-7708956F43C9}"
EndProject
Project("{FAE04EC0-301F-11D3-BF4B-00C04F79EFBC}") = "02.Sum Numbers", "02.Sum Numbers\02.Sum Numbers.csproj", "{6EEDF25B-1CA1-4000-8B24-472325422032}"
EndProject
Project("{FAE04EC0-301F-11D3-BF4B-00C04F79EFBC}") = "03. Count Uppercase Words", "03. Count Uppercase Words\03. Count Uppercase Words.csproj", "{43D0D8F8-3AC5-4836-98B0-45645B573F5F}"
EndProject
Project("{FAE04EC0-301F-11D3-BF4B-00C04F79EFBC}") = "04.Add VAT", "04.Add VAT\04.Add VAT.csproj", "{3AEDC52B-EFB4-4213-82AC-5B9CBDE4D1DD}"
EndProject
Project("{FAE04EC0-301F-11D3-BF4B-00C04F79EFBC}") = "05.Filter by Age", "05.Filter by Age\05.Filter by Age.csproj", "{E2BC420D-E521-4944-A7BF-BEFF8CD77EC9}"
EndProject
Global
	GlobalSection(SolutionConfigurationPlatforms) = preSolution
		Debug|Any CPU = Debug|Any CPU
		Release|Any CPU = Release|Any CPU
	EndGlobalSection
	GlobalSection(ProjectConfigurationPlatforms) = postSolution
		{92A6F734-8BB1-4BE6-B4BF-6197DF79B5C2}.Debug|Any CPU.ActiveCfg = Debug|Any CPU
		{92A6F734-8BB1-4BE6-B4BF-6197DF79B5C2}.Debug|Any CPU.Build.0 = Debug|Any CPU
		{92A6F734-8BB1-4BE6-B4BF-6197DF79B5C2}.Release|Any CPU.ActiveCfg = Release|Any CPU
		{92A6F734-8BB1-4BE6-B4BF-6197DF79B5C2}.Release|Any CPU.Build.0 = Release|Any CPU
		{192C7F9C-953F-4349-A9F9-7708956F43C9}.Debug|Any CPU.ActiveCfg = Debug|Any CPU
		{192C7F9C-953F-4349-A9F9-7708956F43C9}.Debug|Any CPU.Build.0 = Debug|Any CPU
		{192C7F9C-953F-4349-A9F9-7708956F43C9}.Release|Any CPU.ActiveCfg = Release|Any CPU
		{192C7F9C-953F-4349-A9F9-7708956F43C9}.Release|Any CPU.Build.0 = Release|Any CPU
		{6EEDF25B-1CA1-4000-8B24-472325422032}.Debug|Any CPU.ActiveCfg = Debug|Any CPU
		{6EEDF25B-1CA1-4000-8B24-472325422032}.Debug|Any CPU.Build.0 = Debug|Any CPU
		{6EEDF25B-1CA1-4000-8B24-472325422032}.Release|Any CPU.ActiveCfg = Release|Any CPU
		{6EEDF25B-1CA1-4000-8B24-472325422032}.Release|Any CPU.Build.0 = Release|Any CPU
		{43D0D8F8-3AC5-4836-98B0-45645B573F5F}.Debug|Any CPU.ActiveCfg = Debug|Any CPU
		{43D0D8F8-3AC5-4836-98B0-45645B573F5F}.Debug|Any CPU.Build.0 = Debug|Any CPU
		{43D0D8F8-3AC5-4836-98B0-45645B573F5F}.Release|Any CPU.ActiveCfg = Release|Any CPU
		{43D0D8F8-3AC5-4836-98B0-45645B573F5F}.Release|Any CPU.Build.0 = Release|Any CPU
		{3AEDC52B-EFB4-4213-82AC-5B9CBDE4D1DD}.Debug|Any CPU.ActiveCfg = Debug|Any CPU
		{3AEDC52B-EFB4-4213-82AC-5B9CBDE4D1DD}.Debug|Any CPU.Build.0 = Debug|Any CPU
		{3AEDC52B-EFB4-4213-82AC-5B9CBDE4D1DD}.Release|Any CPU.ActiveCfg = Release|Any CPU
		{3AEDC52B-EFB4-4213-82AC-5B9CBDE4D1DD}.Release|Any CPU.Build.0 = Release|Any CPU
		{E2BC420D-E521-4944-A7BF-BEFF8CD77EC9}.Debug|Any CPU.ActiveCfg = Debug|Any CPU
		{E2BC420D-E521-4944-A7BF-BEFF8CD77EC9}.Debug|Any CPU.Build.0 = Debug|Any CPU
		{E2BC420D-E521-4944-A7BF-BEFF8CD77EC9}.Release|Any CPU.ActiveCfg = Release|Any CPU
		{E2BC420D-E521-4944-A7BF-BEFF8CD77EC9}.Release|Any CPU.Build.0 = Release|Any CPU
	EndGlobalSection
	GlobalSection(SolutionProperties) = preSolution
		HideSolutionNode = FALSE
	EndGlobalSection
	GlobalSection(ExtensibilityGlobals) = postSolution
		SolutionGuid = {1E7A6132-404B-4319-B921-4339F9356440}
	EndGlobalSection
EndGlobal
