
Microsoft Visual Studio Solution File, Format Version 12.00
# Visual Studio 14
VisualStudioVersion = 14.0.25420.1
MinimumVisualStudioVersion = 10.0.40219.1
Project("{FAE04EC0-301F-11D3-BF4B-00C04F79EFBC}") = "Izpit Exam - Jan 2016", "Izpit Exam - Jan 2016\Izpit Exam - Jan 2016.csproj", "{3FE343D0-4612-4727-9AEA-2451A1B17186}"
EndProject
Project("{FAE04EC0-301F-11D3-BF4B-00C04F79EFBC}") = "TriangleArea", "TriangleArea\TriangleArea.csproj", "{1B67E14E-8D64-4B79-AE9D-7E5082B4F8B1}"
EndProject
Project("{FAE04EC0-301F-11D3-BF4B-00C04F79EFBC}") = "Briggs", "Briggs\Briggs.csproj", "{78428074-2D1E-4711-83CD-024BA7E0ACBD}"
EndProject
Project("{FAE04EC0-301F-11D3-BF4B-00C04F79EFBC}") = "PointOnSegment", "PointOnSegment\PointOnSegment.csproj", "{B679CA21-7378-44E1-A90D-DDAB8BB66498}"
EndProject
Project("{FAE04EC0-301F-11D3-BF4B-00C04F79EFBC}") = "PointInFigure", "PointInFigure\PointInFigure.csproj", "{2BE8CFF7-3A71-46F1-9161-EB185996D50E}"
EndProject
Project("{FAE04EC0-301F-11D3-BF4B-00C04F79EFBC}") = "DateAfter5Days", "DateAfter5Days\DateAfter5Days.csproj", "{B3BE6A84-03B0-4443-8BA3-85D275E34036}"
EndProject
Project("{FAE04EC0-301F-11D3-BF4B-00C04F79EFBC}") = "SumOfThreeNumbers", "SumOfThreeNumbers\SumOfThreeNumbers.csproj", "{F162D557-6D9C-4D68-BE53-11A6E3E8429A}"
EndProject
Project("{FAE04EC0-301F-11D3-BF4B-00C04F79EFBC}") = "SumStep3", "SumStep3\SumStep3.csproj", "{078DCF53-229B-4ABD-AF6B-7D1725617A9F}"
EndProject
Project("{FAE04EC0-301F-11D3-BF4B-00C04F79EFBC}") = "IncreasingElements", "IncreasingElements\IncreasingElements.csproj", "{8F9BD988-ED89-4D74-9D3A-6A5946E83C89}"
EndProject
Project("{FAE04EC0-301F-11D3-BF4B-00C04F79EFBC}") = "PerfectDiamond", "PerfectDiamond\PerfectDiamond.csproj", "{D935DF14-D670-4195-BCE7-F403E3CF8EAA}"
EndProject
Project("{FAE04EC0-301F-11D3-BF4B-00C04F79EFBC}") = "RectangleWithStars", "RectangleWithStars\RectangleWithStars.csproj", "{CC4AF40A-DEF0-4F39-B87D-8C02ECF9E2E8}"
EndProject
Project("{FAE04EC0-301F-11D3-BF4B-00C04F79EFBC}") = "IncreasingFourNumbers", "IncreasingFourNumbers\IncreasingFourNumbers.csproj", "{78AAD78D-3C53-4DDB-9843-C26F34370AF7}"
EndProject
Global
	GlobalSection(SolutionConfigurationPlatforms) = preSolution
		Debug|Any CPU = Debug|Any CPU
		Release|Any CPU = Release|Any CPU
	EndGlobalSection
	GlobalSection(ProjectConfigurationPlatforms) = postSolution
		{3FE343D0-4612-4727-9AEA-2451A1B17186}.Debug|Any CPU.ActiveCfg = Debug|Any CPU
		{3FE343D0-4612-4727-9AEA-2451A1B17186}.Debug|Any CPU.Build.0 = Debug|Any CPU
		{3FE343D0-4612-4727-9AEA-2451A1B17186}.Release|Any CPU.ActiveCfg = Release|Any CPU
		{3FE343D0-4612-4727-9AEA-2451A1B17186}.Release|Any CPU.Build.0 = Release|Any CPU
		{1B67E14E-8D64-4B79-AE9D-7E5082B4F8B1}.Debug|Any CPU.ActiveCfg = Debug|Any CPU
		{1B67E14E-8D64-4B79-AE9D-7E5082B4F8B1}.Debug|Any CPU.Build.0 = Debug|Any CPU
		{1B67E14E-8D64-4B79-AE9D-7E5082B4F8B1}.Release|Any CPU.ActiveCfg = Release|Any CPU
		{1B67E14E-8D64-4B79-AE9D-7E5082B4F8B1}.Release|Any CPU.Build.0 = Release|Any CPU
		{78428074-2D1E-4711-83CD-024BA7E0ACBD}.Debug|Any CPU.ActiveCfg = Debug|Any CPU
		{78428074-2D1E-4711-83CD-024BA7E0ACBD}.Debug|Any CPU.Build.0 = Debug|Any CPU
		{78428074-2D1E-4711-83CD-024BA7E0ACBD}.Release|Any CPU.ActiveCfg = Release|Any CPU
		{78428074-2D1E-4711-83CD-024BA7E0ACBD}.Release|Any CPU.Build.0 = Release|Any CPU
		{B679CA21-7378-44E1-A90D-DDAB8BB66498}.Debug|Any CPU.ActiveCfg = Debug|Any CPU
		{B679CA21-7378-44E1-A90D-DDAB8BB66498}.Debug|Any CPU.Build.0 = Debug|Any CPU
		{B679CA21-7378-44E1-A90D-DDAB8BB66498}.Release|Any CPU.ActiveCfg = Release|Any CPU
		{B679CA21-7378-44E1-A90D-DDAB8BB66498}.Release|Any CPU.Build.0 = Release|Any CPU
		{2BE8CFF7-3A71-46F1-9161-EB185996D50E}.Debug|Any CPU.ActiveCfg = Debug|Any CPU
		{2BE8CFF7-3A71-46F1-9161-EB185996D50E}.Debug|Any CPU.Build.0 = Debug|Any CPU
		{2BE8CFF7-3A71-46F1-9161-EB185996D50E}.Release|Any CPU.ActiveCfg = Release|Any CPU
		{2BE8CFF7-3A71-46F1-9161-EB185996D50E}.Release|Any CPU.Build.0 = Release|Any CPU
		{B3BE6A84-03B0-4443-8BA3-85D275E34036}.Debug|Any CPU.ActiveCfg = Debug|Any CPU
		{B3BE6A84-03B0-4443-8BA3-85D275E34036}.Debug|Any CPU.Build.0 = Debug|Any CPU
		{B3BE6A84-03B0-4443-8BA3-85D275E34036}.Release|Any CPU.ActiveCfg = Release|Any CPU
		{B3BE6A84-03B0-4443-8BA3-85D275E34036}.Release|Any CPU.Build.0 = Release|Any CPU
		{F162D557-6D9C-4D68-BE53-11A6E3E8429A}.Debug|Any CPU.ActiveCfg = Debug|Any CPU
		{F162D557-6D9C-4D68-BE53-11A6E3E8429A}.Debug|Any CPU.Build.0 = Debug|Any CPU
		{F162D557-6D9C-4D68-BE53-11A6E3E8429A}.Release|Any CPU.ActiveCfg = Release|Any CPU
		{F162D557-6D9C-4D68-BE53-11A6E3E8429A}.Release|Any CPU.Build.0 = Release|Any CPU
		{078DCF53-229B-4ABD-AF6B-7D1725617A9F}.Debug|Any CPU.ActiveCfg = Debug|Any CPU
		{078DCF53-229B-4ABD-AF6B-7D1725617A9F}.Debug|Any CPU.Build.0 = Debug|Any CPU
		{078DCF53-229B-4ABD-AF6B-7D1725617A9F}.Release|Any CPU.ActiveCfg = Release|Any CPU
		{078DCF53-229B-4ABD-AF6B-7D1725617A9F}.Release|Any CPU.Build.0 = Release|Any CPU
		{8F9BD988-ED89-4D74-9D3A-6A5946E83C89}.Debug|Any CPU.ActiveCfg = Debug|Any CPU
		{8F9BD988-ED89-4D74-9D3A-6A5946E83C89}.Debug|Any CPU.Build.0 = Debug|Any CPU
		{8F9BD988-ED89-4D74-9D3A-6A5946E83C89}.Release|Any CPU.ActiveCfg = Release|Any CPU
		{8F9BD988-ED89-4D74-9D3A-6A5946E83C89}.Release|Any CPU.Build.0 = Release|Any CPU
		{D935DF14-D670-4195-BCE7-F403E3CF8EAA}.Debug|Any CPU.ActiveCfg = Debug|Any CPU
		{D935DF14-D670-4195-BCE7-F403E3CF8EAA}.Debug|Any CPU.Build.0 = Debug|Any CPU
		{D935DF14-D670-4195-BCE7-F403E3CF8EAA}.Release|Any CPU.ActiveCfg = Release|Any CPU
		{D935DF14-D670-4195-BCE7-F403E3CF8EAA}.Release|Any CPU.Build.0 = Release|Any CPU
		{CC4AF40A-DEF0-4F39-B87D-8C02ECF9E2E8}.Debug|Any CPU.ActiveCfg = Debug|Any CPU
		{CC4AF40A-DEF0-4F39-B87D-8C02ECF9E2E8}.Debug|Any CPU.Build.0 = Debug|Any CPU
		{CC4AF40A-DEF0-4F39-B87D-8C02ECF9E2E8}.Release|Any CPU.ActiveCfg = Release|Any CPU
		{CC4AF40A-DEF0-4F39-B87D-8C02ECF9E2E8}.Release|Any CPU.Build.0 = Release|Any CPU
		{78AAD78D-3C53-4DDB-9843-C26F34370AF7}.Debug|Any CPU.ActiveCfg = Debug|Any CPU
		{78AAD78D-3C53-4DDB-9843-C26F34370AF7}.Debug|Any CPU.Build.0 = Debug|Any CPU
		{78AAD78D-3C53-4DDB-9843-C26F34370AF7}.Release|Any CPU.ActiveCfg = Release|Any CPU
		{78AAD78D-3C53-4DDB-9843-C26F34370AF7}.Release|Any CPU.Build.0 = Release|Any CPU
	EndGlobalSection
	GlobalSection(SolutionProperties) = preSolution
		HideSolutionNode = FALSE
	EndGlobalSection
EndGlobal
