
Microsoft Visual Studio Solution File, Format Version 12.00
# Visual Studio 15
VisualStudioVersion = 15.0.27004.2009
MinimumVisualStudioVersion = 10.0.40219.1
Project("{FAE04EC0-301F-11D3-BF4B-00C04F79EFBC}") = "DefiningClassessLab", "DefiningClassessLab\DefiningClassessLab.csproj", "{1615892C-25B3-4476-A4DC-43057AD768E5}"
EndProject
Global
	GlobalSection(SolutionConfigurationPlatforms) = preSolution
		Debug|Any CPU = Debug|Any CPU
		Release|Any CPU = Release|Any CPU
	EndGlobalSection
	GlobalSection(ProjectConfigurationPlatforms) = postSolution
		{1615892C-25B3-4476-A4DC-43057AD768E5}.Debug|Any CPU.ActiveCfg = Debug|Any CPU
		{1615892C-25B3-4476-A4DC-43057AD768E5}.Debug|Any CPU.Build.0 = Debug|Any CPU
		{1615892C-25B3-4476-A4DC-43057AD768E5}.Release|Any CPU.ActiveCfg = Release|Any CPU
		{1615892C-25B3-4476-A4DC-43057AD768E5}.Release|Any CPU.Build.0 = Release|Any CPU
	EndGlobalSection
	GlobalSection(SolutionProperties) = preSolution
		HideSolutionNode = FALSE
	EndGlobalSection
	GlobalSection(ExtensibilityGlobals) = postSolution
		SolutionGuid = {0771A57E-2E80-450E-B332-DE181054CBA4}
	EndGlobalSection
EndGlobal
