
Microsoft Visual Studio Solution File, Format Version 12.00
# Visual Studio 15
VisualStudioVersion = 15.0.27703.2042
MinimumVisualStudioVersion = 10.0.40219.1
Project("{FAE04EC0-301F-11D3-BF4B-00C04F79EFBC}") = "TestProject.Web", "TestProject.Web\TestProject.Web.csproj", "{97214768-5B98-4132-9F4C-32D895205B05}"
EndProject
Global
	GlobalSection(SolutionConfigurationPlatforms) = preSolution
		Debug|Any CPU = Debug|Any CPU
		Release|Any CPU = Release|Any CPU
	EndGlobalSection
	GlobalSection(ProjectConfigurationPlatforms) = postSolution
		{97214768-5B98-4132-9F4C-32D895205B05}.Debug|Any CPU.ActiveCfg = Debug|Any CPU
		{97214768-5B98-4132-9F4C-32D895205B05}.Debug|Any CPU.Build.0 = Debug|Any CPU
		{97214768-5B98-4132-9F4C-32D895205B05}.Release|Any CPU.ActiveCfg = Release|Any CPU
		{97214768-5B98-4132-9F4C-32D895205B05}.Release|Any CPU.Build.0 = Release|Any CPU
	EndGlobalSection
	GlobalSection(SolutionProperties) = preSolution
		HideSolutionNode = FALSE
	EndGlobalSection
	GlobalSection(ExtensibilityGlobals) = postSolution
		SolutionGuid = {698B92E7-B8BC-40CA-ACC4-A19D8CDA3342}
	EndGlobalSection
EndGlobal
