
Microsoft Visual Studio Solution File, Format Version 12.00
# Visual Studio 14
VisualStudioVersion = 14.0.25420.1
MinimumVisualStudioVersion = 10.0.40219.1
Project("{FAE04EC0-301F-11D3-BF4B-00C04F79EFBC}") = "Podgotovka", "Podgotovka\Podgotovka.csproj", "{EA50C4E0-9B34-467B-BE86-6D653567B516}"
EndProject
Project("{FAE04EC0-301F-11D3-BF4B-00C04F79EFBC}") = "Zadacha 1 Cena na jilishte", "Zadacha 1 Cena na jilishte\Zadacha 1 Cena na jilishte.csproj", "{74720C2E-2A66-4BDB-923F-6949D6A0D709}"
EndProject
Project("{FAE04EC0-301F-11D3-BF4B-00C04F79EFBC}") = "Zadacha 2 Magazin za cvetq", "Zadacha 2 Magazin za cvetq\Zadacha 2 Magazin za cvetq.csproj", "{44C7767C-BABC-46A5-9CA5-E35C282C03F6}"
EndProject
Project("{FAE04EC0-301F-11D3-BF4B-00C04F79EFBC}") = "Zadacha 3 Velosustezanie", "Zadacha 3 Velosustezanie\Zadacha 3 Velosustezanie.csproj", "{56A20FC1-9292-4B51-B224-A27DE5693969}"
EndProject
Project("{FAE04EC0-301F-11D3-BF4B-00C04F79EFBC}") = "Zadacha 4 Logistika", "Zadacha 4 Logistika\Zadacha 4 Logistika.csproj", "{900FB5D2-521C-4201-9C39-018502F8952C}"
EndProject
Project("{FAE04EC0-301F-11D3-BF4B-00C04F79EFBC}") = "Zadacha 5 Raketa", "Zadacha 5 Raketa\Zadacha 5 Raketa.csproj", "{10F00B7C-9308-4A5B-B933-29DECB63A220}"
EndProject
Project("{FAE04EC0-301F-11D3-BF4B-00C04F79EFBC}") = "Zadacha 6 MaksimalenBroiKombinacii", "Zadacha 6 MaksimalenBroiKombinacii\Zadacha 6 MaksimalenBroiKombinacii.csproj", "{6C74FCCD-60A9-46F4-A191-7FF691EA75F7}"
EndProject
Global
	GlobalSection(SolutionConfigurationPlatforms) = preSolution
		Debug|Any CPU = Debug|Any CPU
		Release|Any CPU = Release|Any CPU
	EndGlobalSection
	GlobalSection(ProjectConfigurationPlatforms) = postSolution
		{EA50C4E0-9B34-467B-BE86-6D653567B516}.Debug|Any CPU.ActiveCfg = Debug|Any CPU
		{EA50C4E0-9B34-467B-BE86-6D653567B516}.Debug|Any CPU.Build.0 = Debug|Any CPU
		{EA50C4E0-9B34-467B-BE86-6D653567B516}.Release|Any CPU.ActiveCfg = Release|Any CPU
		{EA50C4E0-9B34-467B-BE86-6D653567B516}.Release|Any CPU.Build.0 = Release|Any CPU
		{74720C2E-2A66-4BDB-923F-6949D6A0D709}.Debug|Any CPU.ActiveCfg = Debug|Any CPU
		{74720C2E-2A66-4BDB-923F-6949D6A0D709}.Debug|Any CPU.Build.0 = Debug|Any CPU
		{74720C2E-2A66-4BDB-923F-6949D6A0D709}.Release|Any CPU.ActiveCfg = Release|Any CPU
		{74720C2E-2A66-4BDB-923F-6949D6A0D709}.Release|Any CPU.Build.0 = Release|Any CPU
		{44C7767C-BABC-46A5-9CA5-E35C282C03F6}.Debug|Any CPU.ActiveCfg = Debug|Any CPU
		{44C7767C-BABC-46A5-9CA5-E35C282C03F6}.Debug|Any CPU.Build.0 = Debug|Any CPU
		{44C7767C-BABC-46A5-9CA5-E35C282C03F6}.Release|Any CPU.ActiveCfg = Release|Any CPU
		{44C7767C-BABC-46A5-9CA5-E35C282C03F6}.Release|Any CPU.Build.0 = Release|Any CPU
		{56A20FC1-9292-4B51-B224-A27DE5693969}.Debug|Any CPU.ActiveCfg = Debug|Any CPU
		{56A20FC1-9292-4B51-B224-A27DE5693969}.Debug|Any CPU.Build.0 = Debug|Any CPU
		{56A20FC1-9292-4B51-B224-A27DE5693969}.Release|Any CPU.ActiveCfg = Release|Any CPU
		{56A20FC1-9292-4B51-B224-A27DE5693969}.Release|Any CPU.Build.0 = Release|Any CPU
		{900FB5D2-521C-4201-9C39-018502F8952C}.Debug|Any CPU.ActiveCfg = Debug|Any CPU
		{900FB5D2-521C-4201-9C39-018502F8952C}.Debug|Any CPU.Build.0 = Debug|Any CPU
		{900FB5D2-521C-4201-9C39-018502F8952C}.Release|Any CPU.ActiveCfg = Release|Any CPU
		{900FB5D2-521C-4201-9C39-018502F8952C}.Release|Any CPU.Build.0 = Release|Any CPU
		{10F00B7C-9308-4A5B-B933-29DECB63A220}.Debug|Any CPU.ActiveCfg = Debug|Any CPU
		{10F00B7C-9308-4A5B-B933-29DECB63A220}.Debug|Any CPU.Build.0 = Debug|Any CPU
		{10F00B7C-9308-4A5B-B933-29DECB63A220}.Release|Any CPU.ActiveCfg = Release|Any CPU
		{10F00B7C-9308-4A5B-B933-29DECB63A220}.Release|Any CPU.Build.0 = Release|Any CPU
		{6C74FCCD-60A9-46F4-A191-7FF691EA75F7}.Debug|Any CPU.ActiveCfg = Debug|Any CPU
		{6C74FCCD-60A9-46F4-A191-7FF691EA75F7}.Debug|Any CPU.Build.0 = Debug|Any CPU
		{6C74FCCD-60A9-46F4-A191-7FF691EA75F7}.Release|Any CPU.ActiveCfg = Release|Any CPU
		{6C74FCCD-60A9-46F4-A191-7FF691EA75F7}.Release|Any CPU.Build.0 = Release|Any CPU
	EndGlobalSection
	GlobalSection(SolutionProperties) = preSolution
		HideSolutionNode = FALSE
	EndGlobalSection
EndGlobal
