
Microsoft Visual Studio Solution File, Format Version 12.00
# Visual Studio 15
VisualStudioVersion = 15.0.27004.2009
MinimumVisualStudioVersion = 10.0.40219.1
Project("{FAE04EC0-301F-11D3-BF4B-00C04F79EFBC}") = "StacksAndQueuesExce", "StacksAndQueuesExce\StacksAndQueuesExce.csproj", "{7BB6123B-E94F-4A35-84C0-FE321E5B0E63}"
EndProject
Project("{FAE04EC0-301F-11D3-BF4B-00C04F79EFBC}") = "01.Reverse Numbers with a Stack", "01.Reverse Numbers with a Stack\01.Reverse Numbers with a Stack.csproj", "{0BE4EE35-59C8-40B7-A74C-F6BA3748DE44}"
EndProject
Global
	GlobalSection(SolutionConfigurationPlatforms) = preSolution
		Debug|Any CPU = Debug|Any CPU
		Release|Any CPU = Release|Any CPU
	EndGlobalSection
	GlobalSection(ProjectConfigurationPlatforms) = postSolution
		{7BB6123B-E94F-4A35-84C0-FE321E5B0E63}.Debug|Any CPU.ActiveCfg = Debug|Any CPU
		{7BB6123B-E94F-4A35-84C0-FE321E5B0E63}.Debug|Any CPU.Build.0 = Debug|Any CPU
		{7BB6123B-E94F-4A35-84C0-FE321E5B0E63}.Release|Any CPU.ActiveCfg = Release|Any CPU
		{7BB6123B-E94F-4A35-84C0-FE321E5B0E63}.Release|Any CPU.Build.0 = Release|Any CPU
		{0BE4EE35-59C8-40B7-A74C-F6BA3748DE44}.Debug|Any CPU.ActiveCfg = Debug|Any CPU
		{0BE4EE35-59C8-40B7-A74C-F6BA3748DE44}.Debug|Any CPU.Build.0 = Debug|Any CPU
		{0BE4EE35-59C8-40B7-A74C-F6BA3748DE44}.Release|Any CPU.ActiveCfg = Release|Any CPU
		{0BE4EE35-59C8-40B7-A74C-F6BA3748DE44}.Release|Any CPU.Build.0 = Release|Any CPU
	EndGlobalSection
	GlobalSection(SolutionProperties) = preSolution
		HideSolutionNode = FALSE
	EndGlobalSection
	GlobalSection(ExtensibilityGlobals) = postSolution
		SolutionGuid = {AB845F90-EA5F-4A83-9F4F-DDF5F679727E}
	EndGlobalSection
EndGlobal
