
Microsoft Visual Studio Solution File, Format Version 12.00
# Visual Studio 14
VisualStudioVersion = 14.0.25420.1
MinimumVisualStudioVersion = 10.0.40219.1
Project("{FAE04EC0-301F-11D3-BF4B-00C04F79EFBC}") = "ExamPreparationOne", "ExamPreparationOne\ExamPreparationOne.csproj", "{89F6626F-4A56-46C3-BE18-43D310D9D08F}"
EndProject
Project("{FAE04EC0-301F-11D3-BF4B-00C04F79EFBC}") = "01.SinoTheWalker", "01.SinoTheWalker\01.SinoTheWalker.csproj", "{A0D855B0-3FD9-47BD-A804-793D69C3872E}"
EndProject
Project("{FAE04EC0-301F-11D3-BF4B-00C04F79EFBC}") = "02.SoftUniKaraoke", "02.SoftUniKaraoke\02.SoftUniKaraoke.csproj", "{FC190C09-C19F-45E0-8631-2AC10A949327}"
EndProject
Project("{FAE04EC0-301F-11D3-BF4B-00C04F79EFBC}") = "03.EnduranceRally", "03.EnduranceRally\03.EnduranceRally.csproj", "{329BFEEB-EECC-4E84-BE81-4A0E08A9CC66}"
EndProject
Project("{FAE04EC0-301F-11D3-BF4B-00C04F79EFBC}") = "04.WinningTicket", "04.WinningTicket\04.WinningTicket.csproj", "{6024E0C0-23B1-4F75-B27E-2DD3A48FD31A}"
EndProject
Global
	GlobalSection(SolutionConfigurationPlatforms) = preSolution
		Debug|Any CPU = Debug|Any CPU
		Release|Any CPU = Release|Any CPU
	EndGlobalSection
	GlobalSection(ProjectConfigurationPlatforms) = postSolution
		{89F6626F-4A56-46C3-BE18-43D310D9D08F}.Debug|Any CPU.ActiveCfg = Debug|Any CPU
		{89F6626F-4A56-46C3-BE18-43D310D9D08F}.Debug|Any CPU.Build.0 = Debug|Any CPU
		{89F6626F-4A56-46C3-BE18-43D310D9D08F}.Release|Any CPU.ActiveCfg = Release|Any CPU
		{89F6626F-4A56-46C3-BE18-43D310D9D08F}.Release|Any CPU.Build.0 = Release|Any CPU
		{A0D855B0-3FD9-47BD-A804-793D69C3872E}.Debug|Any CPU.ActiveCfg = Debug|Any CPU
		{A0D855B0-3FD9-47BD-A804-793D69C3872E}.Debug|Any CPU.Build.0 = Debug|Any CPU
		{A0D855B0-3FD9-47BD-A804-793D69C3872E}.Release|Any CPU.ActiveCfg = Release|Any CPU
		{A0D855B0-3FD9-47BD-A804-793D69C3872E}.Release|Any CPU.Build.0 = Release|Any CPU
		{FC190C09-C19F-45E0-8631-2AC10A949327}.Debug|Any CPU.ActiveCfg = Debug|Any CPU
		{FC190C09-C19F-45E0-8631-2AC10A949327}.Debug|Any CPU.Build.0 = Debug|Any CPU
		{FC190C09-C19F-45E0-8631-2AC10A949327}.Release|Any CPU.ActiveCfg = Release|Any CPU
		{FC190C09-C19F-45E0-8631-2AC10A949327}.Release|Any CPU.Build.0 = Release|Any CPU
		{329BFEEB-EECC-4E84-BE81-4A0E08A9CC66}.Debug|Any CPU.ActiveCfg = Debug|Any CPU
		{329BFEEB-EECC-4E84-BE81-4A0E08A9CC66}.Debug|Any CPU.Build.0 = Debug|Any CPU
		{329BFEEB-EECC-4E84-BE81-4A0E08A9CC66}.Release|Any CPU.ActiveCfg = Release|Any CPU
		{329BFEEB-EECC-4E84-BE81-4A0E08A9CC66}.Release|Any CPU.Build.0 = Release|Any CPU
		{6024E0C0-23B1-4F75-B27E-2DD3A48FD31A}.Debug|Any CPU.ActiveCfg = Debug|Any CPU
		{6024E0C0-23B1-4F75-B27E-2DD3A48FD31A}.Debug|Any CPU.Build.0 = Debug|Any CPU
		{6024E0C0-23B1-4F75-B27E-2DD3A48FD31A}.Release|Any CPU.ActiveCfg = Release|Any CPU
		{6024E0C0-23B1-4F75-B27E-2DD3A48FD31A}.Release|Any CPU.Build.0 = Release|Any CPU
	EndGlobalSection
	GlobalSection(SolutionProperties) = preSolution
		HideSolutionNode = FALSE
	EndGlobalSection
EndGlobal
