
Microsoft Visual Studio Solution File, Format Version 12.00
# Visual Studio 15
VisualStudioVersion = 15.0.27004.2009
MinimumVisualStudioVersion = 10.0.40219.1
Project("{FAE04EC0-301F-11D3-BF4B-00C04F79EFBC}") = "StateManagementCoockiesAndSesssions", "StateManagementCoockiesAndSesssions\StateManagementCoockiesAndSesssions.csproj", "{15BF4E6B-87DF-4DBF-8DB8-A380D98A413E}"
EndProject
Global
	GlobalSection(SolutionConfigurationPlatforms) = preSolution
		Debug|Any CPU = Debug|Any CPU
		Release|Any CPU = Release|Any CPU
	EndGlobalSection
	GlobalSection(ProjectConfigurationPlatforms) = postSolution
		{15BF4E6B-87DF-4DBF-8DB8-A380D98A413E}.Debug|Any CPU.ActiveCfg = Debug|Any CPU
		{15BF4E6B-87DF-4DBF-8DB8-A380D98A413E}.Debug|Any CPU.Build.0 = Debug|Any CPU
		{15BF4E6B-87DF-4DBF-8DB8-A380D98A413E}.Release|Any CPU.ActiveCfg = Release|Any CPU
		{15BF4E6B-87DF-4DBF-8DB8-A380D98A413E}.Release|Any CPU.Build.0 = Release|Any CPU
	EndGlobalSection
	GlobalSection(SolutionProperties) = preSolution
		HideSolutionNode = FALSE
	EndGlobalSection
	GlobalSection(ExtensibilityGlobals) = postSolution
		SolutionGuid = {A212D454-B16A-4CD2-846F-5DD1C2B0BD29}
	EndGlobalSection
EndGlobal
