
Microsoft Visual Studio Solution File, Format Version 12.00
# Visual Studio 14
VisualStudioVersion = 14.0.25420.1
MinimumVisualStudioVersion = 10.0.40219.1
Project("{FAE04EC0-301F-11D3-BF4B-00C04F79EFBC}") = "Exellent-result", "Exellent-result\Exellent-result.csproj", "{012F55FC-AB96-4D62-8E00-E7E8FB687EAA}"
EndProject
Project("{FAE04EC0-301F-11D3-BF4B-00C04F79EFBC}") = "Excellent or not", "Excellent or not\Excellent or not.csproj", "{3F47EBC6-EEF7-416F-974D-B160992A321A}"
EndProject
Project("{FAE04EC0-301F-11D3-BF4B-00C04F79EFBC}") = "Even or Odd", "Even or Odd\Even or Odd.csproj", "{EC50A865-6878-4FE0-879B-8477F35D473B}"
EndProject
Project("{FAE04EC0-301F-11D3-BF4B-00C04F79EFBC}") = "Greater Number", "Greater Number\Greater Number.csproj", "{FA7B14FB-97A1-40B2-B7AB-A8908ED0BD74}"
EndProject
Project("{FAE04EC0-301F-11D3-BF4B-00C04F79EFBC}") = "Number 0...9 to Text", "Number 0...9 to Text\Number 0...9 to Text.csproj", "{E03B4A14-99E1-4722-BE89-F33F649A1FAA}"
EndProject
Project("{FAE04EC0-301F-11D3-BF4B-00C04F79EFBC}") = "Bonus score", "Bonus score\Bonus score.csproj", "{A645AFBC-DF4E-414E-B9D2-E94C0512E6B3}"
EndProject
Project("{FAE04EC0-301F-11D3-BF4B-00C04F79EFBC}") = "Sum Seconds", "Sum Seconds\Sum Seconds.csproj", "{07CEF582-1EFA-48C5-A0EC-4C22730F7B79}"
EndProject
Project("{FAE04EC0-301F-11D3-BF4B-00C04F79EFBC}") = "Metric Converter", "Metric Converter\Metric Converter.csproj", "{41F86FE8-28D9-46F7-B091-530E9C65F334}"
EndProject
Project("{FAE04EC0-301F-11D3-BF4B-00C04F79EFBC}") = "Metric converter 2", "Metric converter 2\Metric converter 2.csproj", "{6EBF5566-F23E-49CE-9C58-0CAFF4FA2CDD}"
EndProject
Project("{FAE04EC0-301F-11D3-BF4B-00C04F79EFBC}") = "Password Guess", "Password Guess\Password Guess.csproj", "{D773723F-2D22-4EC1-B376-1DDCEA0DBADE}"
EndProject
Project("{FAE04EC0-301F-11D3-BF4B-00C04F79EFBC}") = "Number 100...200", "Number 100...200\Number 100...200.csproj", "{5AC730D1-1072-40EE-9150-96922BB3818D}"
EndProject
Project("{FAE04EC0-301F-11D3-BF4B-00C04F79EFBC}") = "Equal Words", "Equal Words\Equal Words.csproj", "{062C638C-C551-4169-BA63-FE4E78C52346}"
EndProject
Project("{FAE04EC0-301F-11D3-BF4B-00C04F79EFBC}") = "Speed Info", "Speed Info\Speed Info.csproj", "{B085C027-97ED-4CAC-99A3-F20726EA0466}"
EndProject
Project("{FAE04EC0-301F-11D3-BF4B-00C04F79EFBC}") = "Area of Figures", "Area of Figures\Area of Figures.csproj", "{1807A9B6-456C-4B75-96EC-B1505D75DADE}"
EndProject
Project("{FAE04EC0-301F-11D3-BF4B-00C04F79EFBC}") = "Time+15 minutes", "Time+15 minutes\Time+15 minutes.csproj", "{AD489E6C-0C19-49B2-882E-9E4439B7AA27}"
EndProject
Project("{FAE04EC0-301F-11D3-BF4B-00C04F79EFBC}") = "3 Equal Numbers", "3 Equal Numbers\3 Equal Numbers.csproj", "{3C84AC6D-E433-4DF9-9D2C-4505A418807F}"
EndProject
Project("{FAE04EC0-301F-11D3-BF4B-00C04F79EFBC}") = "Number 0...100 to Text", "Number 0...100 to Text\Number 0...100 to Text.csproj", "{93D4BF93-E1B4-425B-9087-AEB874305FE3}"
EndProject
Project("{FAE04EC0-301F-11D3-BF4B-00C04F79EFBC}") = "WindowsFormsApplication1", "WindowsFormsApplication1\WindowsFormsApplication1.csproj", "{7D499DAD-AC8E-4877-BD17-6B5CBC3C0DEA}"
EndProject
Project("{FAE04EC0-301F-11D3-BF4B-00C04F79EFBC}") = "Цена за транспорт", "Цена за транспорт\Цена за транспорт.csproj", "{E72B7F8C-DFF4-4564-A93D-2BA11DD5762D}"
EndProject
Project("{FAE04EC0-301F-11D3-BF4B-00C04F79EFBC}") = "Zadacha za izpit Trabi v basein", "Zadacha za izpit Trabi v basein\Zadacha za izpit Trabi v basein.csproj", "{770CA7FE-19F0-4461-9B97-F2A06C8844BF}"
EndProject
Project("{FAE04EC0-301F-11D3-BF4B-00C04F79EFBC}") = "Zadacha za izpit Поспаливата котка Том", "Zadacha za izpit Поспаливата котка Том\Zadacha za izpit Поспаливата котка Том.csproj", "{B8F364C1-0899-4FFB-816A-1813BB7D5AA7}"
EndProject
Project("{FAE04EC0-301F-11D3-BF4B-00C04F79EFBC}") = "Zadacha za izpit Rekolta", "Zadacha za izpit Rekolta\Zadacha za izpit Rekolta.csproj", "{100538D5-68B3-4EC2-9E86-E613F3F95927}"
EndProject
Project("{FAE04EC0-301F-11D3-BF4B-00C04F79EFBC}") = "Zadacha za izpit Firma", "Zadacha za izpit Firma\Zadacha za izpit Firma.csproj", "{DFC2C998-C0D3-4260-90E5-914A7650209C}"
EndProject
Global
	GlobalSection(SolutionConfigurationPlatforms) = preSolution
		Debug|Any CPU = Debug|Any CPU
		Release|Any CPU = Release|Any CPU
	EndGlobalSection
	GlobalSection(ProjectConfigurationPlatforms) = postSolution
		{012F55FC-AB96-4D62-8E00-E7E8FB687EAA}.Debug|Any CPU.ActiveCfg = Debug|Any CPU
		{012F55FC-AB96-4D62-8E00-E7E8FB687EAA}.Debug|Any CPU.Build.0 = Debug|Any CPU
		{012F55FC-AB96-4D62-8E00-E7E8FB687EAA}.Release|Any CPU.ActiveCfg = Release|Any CPU
		{012F55FC-AB96-4D62-8E00-E7E8FB687EAA}.Release|Any CPU.Build.0 = Release|Any CPU
		{3F47EBC6-EEF7-416F-974D-B160992A321A}.Debug|Any CPU.ActiveCfg = Debug|Any CPU
		{3F47EBC6-EEF7-416F-974D-B160992A321A}.Debug|Any CPU.Build.0 = Debug|Any CPU
		{3F47EBC6-EEF7-416F-974D-B160992A321A}.Release|Any CPU.ActiveCfg = Release|Any CPU
		{3F47EBC6-EEF7-416F-974D-B160992A321A}.Release|Any CPU.Build.0 = Release|Any CPU
		{EC50A865-6878-4FE0-879B-8477F35D473B}.Debug|Any CPU.ActiveCfg = Debug|Any CPU
		{EC50A865-6878-4FE0-879B-8477F35D473B}.Debug|Any CPU.Build.0 = Debug|Any CPU
		{EC50A865-6878-4FE0-879B-8477F35D473B}.Release|Any CPU.ActiveCfg = Release|Any CPU
		{EC50A865-6878-4FE0-879B-8477F35D473B}.Release|Any CPU.Build.0 = Release|Any CPU
		{FA7B14FB-97A1-40B2-B7AB-A8908ED0BD74}.Debug|Any CPU.ActiveCfg = Debug|Any CPU
		{FA7B14FB-97A1-40B2-B7AB-A8908ED0BD74}.Debug|Any CPU.Build.0 = Debug|Any CPU
		{FA7B14FB-97A1-40B2-B7AB-A8908ED0BD74}.Release|Any CPU.ActiveCfg = Release|Any CPU
		{FA7B14FB-97A1-40B2-B7AB-A8908ED0BD74}.Release|Any CPU.Build.0 = Release|Any CPU
		{E03B4A14-99E1-4722-BE89-F33F649A1FAA}.Debug|Any CPU.ActiveCfg = Debug|Any CPU
		{E03B4A14-99E1-4722-BE89-F33F649A1FAA}.Debug|Any CPU.Build.0 = Debug|Any CPU
		{E03B4A14-99E1-4722-BE89-F33F649A1FAA}.Release|Any CPU.ActiveCfg = Release|Any CPU
		{E03B4A14-99E1-4722-BE89-F33F649A1FAA}.Release|Any CPU.Build.0 = Release|Any CPU
		{A645AFBC-DF4E-414E-B9D2-E94C0512E6B3}.Debug|Any CPU.ActiveCfg = Debug|Any CPU
		{A645AFBC-DF4E-414E-B9D2-E94C0512E6B3}.Debug|Any CPU.Build.0 = Debug|Any CPU
		{A645AFBC-DF4E-414E-B9D2-E94C0512E6B3}.Release|Any CPU.ActiveCfg = Release|Any CPU
		{A645AFBC-DF4E-414E-B9D2-E94C0512E6B3}.Release|Any CPU.Build.0 = Release|Any CPU
		{07CEF582-1EFA-48C5-A0EC-4C22730F7B79}.Debug|Any CPU.ActiveCfg = Debug|Any CPU
		{07CEF582-1EFA-48C5-A0EC-4C22730F7B79}.Debug|Any CPU.Build.0 = Debug|Any CPU
		{07CEF582-1EFA-48C5-A0EC-4C22730F7B79}.Release|Any CPU.ActiveCfg = Release|Any CPU
		{07CEF582-1EFA-48C5-A0EC-4C22730F7B79}.Release|Any CPU.Build.0 = Release|Any CPU
		{41F86FE8-28D9-46F7-B091-530E9C65F334}.Debug|Any CPU.ActiveCfg = Debug|Any CPU
		{41F86FE8-28D9-46F7-B091-530E9C65F334}.Debug|Any CPU.Build.0 = Debug|Any CPU
		{41F86FE8-28D9-46F7-B091-530E9C65F334}.Release|Any CPU.ActiveCfg = Release|Any CPU
		{41F86FE8-28D9-46F7-B091-530E9C65F334}.Release|Any CPU.Build.0 = Release|Any CPU
		{6EBF5566-F23E-49CE-9C58-0CAFF4FA2CDD}.Debug|Any CPU.ActiveCfg = Debug|Any CPU
		{6EBF5566-F23E-49CE-9C58-0CAFF4FA2CDD}.Debug|Any CPU.Build.0 = Debug|Any CPU
		{6EBF5566-F23E-49CE-9C58-0CAFF4FA2CDD}.Release|Any CPU.ActiveCfg = Release|Any CPU
		{6EBF5566-F23E-49CE-9C58-0CAFF4FA2CDD}.Release|Any CPU.Build.0 = Release|Any CPU
		{D773723F-2D22-4EC1-B376-1DDCEA0DBADE}.Debug|Any CPU.ActiveCfg = Debug|Any CPU
		{D773723F-2D22-4EC1-B376-1DDCEA0DBADE}.Debug|Any CPU.Build.0 = Debug|Any CPU
		{D773723F-2D22-4EC1-B376-1DDCEA0DBADE}.Release|Any CPU.ActiveCfg = Release|Any CPU
		{D773723F-2D22-4EC1-B376-1DDCEA0DBADE}.Release|Any CPU.Build.0 = Release|Any CPU
		{5AC730D1-1072-40EE-9150-96922BB3818D}.Debug|Any CPU.ActiveCfg = Debug|Any CPU
		{5AC730D1-1072-40EE-9150-96922BB3818D}.Debug|Any CPU.Build.0 = Debug|Any CPU
		{5AC730D1-1072-40EE-9150-96922BB3818D}.Release|Any CPU.ActiveCfg = Release|Any CPU
		{5AC730D1-1072-40EE-9150-96922BB3818D}.Release|Any CPU.Build.0 = Release|Any CPU
		{062C638C-C551-4169-BA63-FE4E78C52346}.Debug|Any CPU.ActiveCfg = Debug|Any CPU
		{062C638C-C551-4169-BA63-FE4E78C52346}.Debug|Any CPU.Build.0 = Debug|Any CPU
		{062C638C-C551-4169-BA63-FE4E78C52346}.Release|Any CPU.ActiveCfg = Release|Any CPU
		{062C638C-C551-4169-BA63-FE4E78C52346}.Release|Any CPU.Build.0 = Release|Any CPU
		{B085C027-97ED-4CAC-99A3-F20726EA0466}.Debug|Any CPU.ActiveCfg = Debug|Any CPU
		{B085C027-97ED-4CAC-99A3-F20726EA0466}.Debug|Any CPU.Build.0 = Debug|Any CPU
		{B085C027-97ED-4CAC-99A3-F20726EA0466}.Release|Any CPU.ActiveCfg = Release|Any CPU
		{B085C027-97ED-4CAC-99A3-F20726EA0466}.Release|Any CPU.Build.0 = Release|Any CPU
		{1807A9B6-456C-4B75-96EC-B1505D75DADE}.Debug|Any CPU.ActiveCfg = Debug|Any CPU
		{1807A9B6-456C-4B75-96EC-B1505D75DADE}.Debug|Any CPU.Build.0 = Debug|Any CPU
		{1807A9B6-456C-4B75-96EC-B1505D75DADE}.Release|Any CPU.ActiveCfg = Release|Any CPU
		{1807A9B6-456C-4B75-96EC-B1505D75DADE}.Release|Any CPU.Build.0 = Release|Any CPU
		{AD489E6C-0C19-49B2-882E-9E4439B7AA27}.Debug|Any CPU.ActiveCfg = Debug|Any CPU
		{AD489E6C-0C19-49B2-882E-9E4439B7AA27}.Debug|Any CPU.Build.0 = Debug|Any CPU
		{AD489E6C-0C19-49B2-882E-9E4439B7AA27}.Release|Any CPU.ActiveCfg = Release|Any CPU
		{AD489E6C-0C19-49B2-882E-9E4439B7AA27}.Release|Any CPU.Build.0 = Release|Any CPU
		{3C84AC6D-E433-4DF9-9D2C-4505A418807F}.Debug|Any CPU.ActiveCfg = Debug|Any CPU
		{3C84AC6D-E433-4DF9-9D2C-4505A418807F}.Debug|Any CPU.Build.0 = Debug|Any CPU
		{3C84AC6D-E433-4DF9-9D2C-4505A418807F}.Release|Any CPU.ActiveCfg = Release|Any CPU
		{3C84AC6D-E433-4DF9-9D2C-4505A418807F}.Release|Any CPU.Build.0 = Release|Any CPU
		{93D4BF93-E1B4-425B-9087-AEB874305FE3}.Debug|Any CPU.ActiveCfg = Debug|Any CPU
		{93D4BF93-E1B4-425B-9087-AEB874305FE3}.Debug|Any CPU.Build.0 = Debug|Any CPU
		{93D4BF93-E1B4-425B-9087-AEB874305FE3}.Release|Any CPU.ActiveCfg = Release|Any CPU
		{93D4BF93-E1B4-425B-9087-AEB874305FE3}.Release|Any CPU.Build.0 = Release|Any CPU
		{7D499DAD-AC8E-4877-BD17-6B5CBC3C0DEA}.Debug|Any CPU.ActiveCfg = Debug|Any CPU
		{7D499DAD-AC8E-4877-BD17-6B5CBC3C0DEA}.Debug|Any CPU.Build.0 = Debug|Any CPU
		{7D499DAD-AC8E-4877-BD17-6B5CBC3C0DEA}.Release|Any CPU.ActiveCfg = Release|Any CPU
		{7D499DAD-AC8E-4877-BD17-6B5CBC3C0DEA}.Release|Any CPU.Build.0 = Release|Any CPU
		{E72B7F8C-DFF4-4564-A93D-2BA11DD5762D}.Debug|Any CPU.ActiveCfg = Debug|Any CPU
		{E72B7F8C-DFF4-4564-A93D-2BA11DD5762D}.Debug|Any CPU.Build.0 = Debug|Any CPU
		{E72B7F8C-DFF4-4564-A93D-2BA11DD5762D}.Release|Any CPU.ActiveCfg = Release|Any CPU
		{E72B7F8C-DFF4-4564-A93D-2BA11DD5762D}.Release|Any CPU.Build.0 = Release|Any CPU
		{770CA7FE-19F0-4461-9B97-F2A06C8844BF}.Debug|Any CPU.ActiveCfg = Debug|Any CPU
		{770CA7FE-19F0-4461-9B97-F2A06C8844BF}.Debug|Any CPU.Build.0 = Debug|Any CPU
		{770CA7FE-19F0-4461-9B97-F2A06C8844BF}.Release|Any CPU.ActiveCfg = Release|Any CPU
		{770CA7FE-19F0-4461-9B97-F2A06C8844BF}.Release|Any CPU.Build.0 = Release|Any CPU
		{B8F364C1-0899-4FFB-816A-1813BB7D5AA7}.Debug|Any CPU.ActiveCfg = Debug|Any CPU
		{B8F364C1-0899-4FFB-816A-1813BB7D5AA7}.Debug|Any CPU.Build.0 = Debug|Any CPU
		{B8F364C1-0899-4FFB-816A-1813BB7D5AA7}.Release|Any CPU.ActiveCfg = Release|Any CPU
		{B8F364C1-0899-4FFB-816A-1813BB7D5AA7}.Release|Any CPU.Build.0 = Release|Any CPU
		{100538D5-68B3-4EC2-9E86-E613F3F95927}.Debug|Any CPU.ActiveCfg = Debug|Any CPU
		{100538D5-68B3-4EC2-9E86-E613F3F95927}.Debug|Any CPU.Build.0 = Debug|Any CPU
		{100538D5-68B3-4EC2-9E86-E613F3F95927}.Release|Any CPU.ActiveCfg = Release|Any CPU
		{100538D5-68B3-4EC2-9E86-E613F3F95927}.Release|Any CPU.Build.0 = Release|Any CPU
		{DFC2C998-C0D3-4260-90E5-914A7650209C}.Debug|Any CPU.ActiveCfg = Debug|Any CPU
		{DFC2C998-C0D3-4260-90E5-914A7650209C}.Debug|Any CPU.Build.0 = Debug|Any CPU
		{DFC2C998-C0D3-4260-90E5-914A7650209C}.Release|Any CPU.ActiveCfg = Release|Any CPU
		{DFC2C998-C0D3-4260-90E5-914A7650209C}.Release|Any CPU.Build.0 = Release|Any CPU
	EndGlobalSection
	GlobalSection(SolutionProperties) = preSolution
		HideSolutionNode = FALSE
	EndGlobalSection
EndGlobal
