
Microsoft Visual Studio Solution File, Format Version 12.00
# Visual Studio 14
VisualStudioVersion = 14.0.25420.1
MinimumVisualStudioVersion = 10.0.40219.1
Project("{FAE04EC0-301F-11D3-BF4B-00C04F79EFBC}") = "CsharpBasics–MoreExercises", "CsharpBasics–MoreExercises\CsharpBasics–MoreExercises.csproj", "{4F094FE3-C5D1-4DAC-B735-7DC0C9998007}"
EndProject
Project("{FAE04EC0-301F-11D3-BF4B-00C04F79EFBC}") = "1. X", "1. X\1. X.csproj", "{EA2DA16A-8310-4969-9AEB-5F692022744D}"
EndProject
Project("{FAE04EC0-301F-11D3-BF4B-00C04F79EFBC}") = "2. Vapor Store", "2. Vapor Store\2. Vapor Store.csproj", "{6C462849-1AE6-40AE-A5B0-20598C3C452C}"
EndProject
Project("{FAE04EC0-301F-11D3-BF4B-00C04F79EFBC}") = "3. Megapixels", "3. Megapixels\3. Megapixels.csproj", "{B5119153-B0C7-4755-BB7C-FAF1D1C7D49A}"
EndProject
Project("{FAE04EC0-301F-11D3-BF4B-00C04F79EFBC}") = "4.Photo Gallery", "4.Photo Gallery\4.Photo Gallery.csproj", "{56DDF820-F9E2-4429-B7C1-589AEFF1075E}"
EndProject
Project("{FAE04EC0-301F-11D3-BF4B-00C04F79EFBC}") = "5. BPM Counter", "5. BPM Counter\5. BPM Counter.csproj", "{34D4C692-690E-4540-BA35-F6D25D02CE25}"
EndProject
Project("{FAE04EC0-301F-11D3-BF4B-00C04F79EFBC}") = "6. DNA Sequences", "6. DNA Sequences\6. DNA Sequences.csproj", "{54334E33-5D75-4E0A-8DDD-B4C9B84FCA5C}"
EndProject
Project("{FAE04EC0-301F-11D3-BF4B-00C04F79EFBC}") = "7. Training Hall Equipment", "7. Training Hall Equipment\7. Training Hall Equipment.csproj", "{6C2CACD1-F8AA-4BDF-882F-DD4071F1F302}"
EndProject
Project("{FAE04EC0-301F-11D3-BF4B-00C04F79EFBC}") = "8.SMS Typing", "8.SMS Typing\8.SMS Typing.csproj", "{5D0B9390-F1CC-4871-8CB0-0A29C819FB78}"
EndProject
Global
	GlobalSection(SolutionConfigurationPlatforms) = preSolution
		Debug|Any CPU = Debug|Any CPU
		Release|Any CPU = Release|Any CPU
	EndGlobalSection
	GlobalSection(ProjectConfigurationPlatforms) = postSolution
		{4F094FE3-C5D1-4DAC-B735-7DC0C9998007}.Debug|Any CPU.ActiveCfg = Debug|Any CPU
		{4F094FE3-C5D1-4DAC-B735-7DC0C9998007}.Debug|Any CPU.Build.0 = Debug|Any CPU
		{4F094FE3-C5D1-4DAC-B735-7DC0C9998007}.Release|Any CPU.ActiveCfg = Release|Any CPU
		{4F094FE3-C5D1-4DAC-B735-7DC0C9998007}.Release|Any CPU.Build.0 = Release|Any CPU
		{EA2DA16A-8310-4969-9AEB-5F692022744D}.Debug|Any CPU.ActiveCfg = Debug|Any CPU
		{EA2DA16A-8310-4969-9AEB-5F692022744D}.Debug|Any CPU.Build.0 = Debug|Any CPU
		{EA2DA16A-8310-4969-9AEB-5F692022744D}.Release|Any CPU.ActiveCfg = Release|Any CPU
		{EA2DA16A-8310-4969-9AEB-5F692022744D}.Release|Any CPU.Build.0 = Release|Any CPU
		{6C462849-1AE6-40AE-A5B0-20598C3C452C}.Debug|Any CPU.ActiveCfg = Debug|Any CPU
		{6C462849-1AE6-40AE-A5B0-20598C3C452C}.Debug|Any CPU.Build.0 = Debug|Any CPU
		{6C462849-1AE6-40AE-A5B0-20598C3C452C}.Release|Any CPU.ActiveCfg = Release|Any CPU
		{6C462849-1AE6-40AE-A5B0-20598C3C452C}.Release|Any CPU.Build.0 = Release|Any CPU
		{B5119153-B0C7-4755-BB7C-FAF1D1C7D49A}.Debug|Any CPU.ActiveCfg = Debug|Any CPU
		{B5119153-B0C7-4755-BB7C-FAF1D1C7D49A}.Debug|Any CPU.Build.0 = Debug|Any CPU
		{B5119153-B0C7-4755-BB7C-FAF1D1C7D49A}.Release|Any CPU.ActiveCfg = Release|Any CPU
		{B5119153-B0C7-4755-BB7C-FAF1D1C7D49A}.Release|Any CPU.Build.0 = Release|Any CPU
		{56DDF820-F9E2-4429-B7C1-589AEFF1075E}.Debug|Any CPU.ActiveCfg = Debug|Any CPU
		{56DDF820-F9E2-4429-B7C1-589AEFF1075E}.Debug|Any CPU.Build.0 = Debug|Any CPU
		{56DDF820-F9E2-4429-B7C1-589AEFF1075E}.Release|Any CPU.ActiveCfg = Release|Any CPU
		{56DDF820-F9E2-4429-B7C1-589AEFF1075E}.Release|Any CPU.Build.0 = Release|Any CPU
		{34D4C692-690E-4540-BA35-F6D25D02CE25}.Debug|Any CPU.ActiveCfg = Debug|Any CPU
		{34D4C692-690E-4540-BA35-F6D25D02CE25}.Debug|Any CPU.Build.0 = Debug|Any CPU
		{34D4C692-690E-4540-BA35-F6D25D02CE25}.Release|Any CPU.ActiveCfg = Release|Any CPU
		{34D4C692-690E-4540-BA35-F6D25D02CE25}.Release|Any CPU.Build.0 = Release|Any CPU
		{54334E33-5D75-4E0A-8DDD-B4C9B84FCA5C}.Debug|Any CPU.ActiveCfg = Debug|Any CPU
		{54334E33-5D75-4E0A-8DDD-B4C9B84FCA5C}.Debug|Any CPU.Build.0 = Debug|Any CPU
		{54334E33-5D75-4E0A-8DDD-B4C9B84FCA5C}.Release|Any CPU.ActiveCfg = Release|Any CPU
		{54334E33-5D75-4E0A-8DDD-B4C9B84FCA5C}.Release|Any CPU.Build.0 = Release|Any CPU
		{6C2CACD1-F8AA-4BDF-882F-DD4071F1F302}.Debug|Any CPU.ActiveCfg = Debug|Any CPU
		{6C2CACD1-F8AA-4BDF-882F-DD4071F1F302}.Debug|Any CPU.Build.0 = Debug|Any CPU
		{6C2CACD1-F8AA-4BDF-882F-DD4071F1F302}.Release|Any CPU.ActiveCfg = Release|Any CPU
		{6C2CACD1-F8AA-4BDF-882F-DD4071F1F302}.Release|Any CPU.Build.0 = Release|Any CPU
		{5D0B9390-F1CC-4871-8CB0-0A29C819FB78}.Debug|Any CPU.ActiveCfg = Debug|Any CPU
		{5D0B9390-F1CC-4871-8CB0-0A29C819FB78}.Debug|Any CPU.Build.0 = Debug|Any CPU
		{5D0B9390-F1CC-4871-8CB0-0A29C819FB78}.Release|Any CPU.ActiveCfg = Release|Any CPU
		{5D0B9390-F1CC-4871-8CB0-0A29C819FB78}.Release|Any CPU.Build.0 = Release|Any CPU
	EndGlobalSection
	GlobalSection(SolutionProperties) = preSolution
		HideSolutionNode = FALSE
	EndGlobalSection
EndGlobal
