
Microsoft Visual Studio Solution File, Format Version 12.00
# Visual Studio 14
VisualStudioVersion = 14.0.25420.1
MinimumVisualStudioVersion = 10.0.40219.1
Project("{2150E333-8FDC-42A3-9474-1A3956D46DE8}") = "src", "src", "{63758F85-3525-46DB-837E-0608BBF4EF3B}"
EndProject
Project("{2150E333-8FDC-42A3-9474-1A3956D46DE8}") = "Solution Items", "Solution Items", "{173C7ADF-8B5B-4C6D-A54E-F3CDC2810F4D}"
	ProjectSection(SolutionItems) = preProject
		global.json = global.json
	EndProjectSection
EndProject
Project("{8BB2217D-0F2D-49D1-97BC-3654ED321F3B}") = "IntroToDbAppExcercises", "src\IntroToDbAppExcercises\IntroToDbAppExcercises.xproj", "{887A0504-FC21-4988-9069-46A613217587}"
EndProject
Global
	GlobalSection(SolutionConfigurationPlatforms) = preSolution
		Debug|Any CPU = Debug|Any CPU
		Release|Any CPU = Release|Any CPU
	EndGlobalSection
	GlobalSection(ProjectConfigurationPlatforms) = postSolution
		{887A0504-FC21-4988-9069-46A613217587}.Debug|Any CPU.ActiveCfg = Debug|Any CPU
		{887A0504-FC21-4988-9069-46A613217587}.Debug|Any CPU.Build.0 = Debug|Any CPU
		{887A0504-FC21-4988-9069-46A613217587}.Release|Any CPU.ActiveCfg = Release|Any CPU
		{887A0504-FC21-4988-9069-46A613217587}.Release|Any CPU.Build.0 = Release|Any CPU
	EndGlobalSection
	GlobalSection(SolutionProperties) = preSolution
		HideSolutionNode = FALSE
	EndGlobalSection
	GlobalSection(NestedProjects) = preSolution
		{887A0504-FC21-4988-9069-46A613217587} = {63758F85-3525-46DB-837E-0608BBF4EF3B}
	EndGlobalSection
EndGlobal
