
Microsoft Visual Studio Solution File, Format Version 12.00
# Visual Studio 14
VisualStudioVersion = 14.0.25420.1
MinimumVisualStudioVersion = 10.0.40219.1
Project("{FAE04EC0-301F-11D3-BF4B-00C04F79EFBC}") = "Task1", "Task1\Task1.csproj", "{4CDF83AA-5BFA-4C71-BACD-1B3C3103C1F7}"
EndProject
Project("{FAE04EC0-301F-11D3-BF4B-00C04F79EFBC}") = "Task2", "Task2\Task2.csproj", "{CE6FC934-2F0B-43C1-9BA7-86DFE7BA3049}"
EndProject
Project("{FAE04EC0-301F-11D3-BF4B-00C04F79EFBC}") = "expression", "expression\expression.csproj", "{FCD8DA2C-362B-4E23-AFA5-4C1DA9E06D71}"
EndProject
Project("{FAE04EC0-301F-11D3-BF4B-00C04F79EFBC}") = "Nums1To20", "Nums1To20\Nums1To20.csproj", "{402DF6F1-5BCF-42B9-B022-F77BAD095E2D}"
EndProject
Project("{FAE04EC0-301F-11D3-BF4B-00C04F79EFBC}") = "TriangleOf55Stars", "TriangleOf55Stars\TriangleOf55Stars.csproj", "{969E9E2C-D757-4D08-A505-5C0521CA6EE2}"
EndProject
Project("{FAE04EC0-301F-11D3-BF4B-00C04F79EFBC}") = "RectArea", "RectArea\RectArea.csproj", "{68857CA8-0321-4BC8-83F4-CFCE0832F873}"
EndProject
Project("{FAE04EC0-301F-11D3-BF4B-00C04F79EFBC}") = "sqareOfStars", "sqareOfStars\sqareOfStars.csproj", "{2987C7DA-E3E2-4516-80A7-03D8AE6961D4}"
EndProject
Global
	GlobalSection(SolutionConfigurationPlatforms) = preSolution
		Debug|Any CPU = Debug|Any CPU
		Release|Any CPU = Release|Any CPU
	EndGlobalSection
	GlobalSection(ProjectConfigurationPlatforms) = postSolution
		{4CDF83AA-5BFA-4C71-BACD-1B3C3103C1F7}.Debug|Any CPU.ActiveCfg = Debug|Any CPU
		{4CDF83AA-5BFA-4C71-BACD-1B3C3103C1F7}.Debug|Any CPU.Build.0 = Debug|Any CPU
		{4CDF83AA-5BFA-4C71-BACD-1B3C3103C1F7}.Release|Any CPU.ActiveCfg = Release|Any CPU
		{4CDF83AA-5BFA-4C71-BACD-1B3C3103C1F7}.Release|Any CPU.Build.0 = Release|Any CPU
		{CE6FC934-2F0B-43C1-9BA7-86DFE7BA3049}.Debug|Any CPU.ActiveCfg = Debug|Any CPU
		{CE6FC934-2F0B-43C1-9BA7-86DFE7BA3049}.Debug|Any CPU.Build.0 = Debug|Any CPU
		{CE6FC934-2F0B-43C1-9BA7-86DFE7BA3049}.Release|Any CPU.ActiveCfg = Release|Any CPU
		{CE6FC934-2F0B-43C1-9BA7-86DFE7BA3049}.Release|Any CPU.Build.0 = Release|Any CPU
		{FCD8DA2C-362B-4E23-AFA5-4C1DA9E06D71}.Debug|Any CPU.ActiveCfg = Debug|Any CPU
		{FCD8DA2C-362B-4E23-AFA5-4C1DA9E06D71}.Debug|Any CPU.Build.0 = Debug|Any CPU
		{FCD8DA2C-362B-4E23-AFA5-4C1DA9E06D71}.Release|Any CPU.ActiveCfg = Release|Any CPU
		{FCD8DA2C-362B-4E23-AFA5-4C1DA9E06D71}.Release|Any CPU.Build.0 = Release|Any CPU
		{402DF6F1-5BCF-42B9-B022-F77BAD095E2D}.Debug|Any CPU.ActiveCfg = Debug|Any CPU
		{402DF6F1-5BCF-42B9-B022-F77BAD095E2D}.Debug|Any CPU.Build.0 = Debug|Any CPU
		{402DF6F1-5BCF-42B9-B022-F77BAD095E2D}.Release|Any CPU.ActiveCfg = Release|Any CPU
		{402DF6F1-5BCF-42B9-B022-F77BAD095E2D}.Release|Any CPU.Build.0 = Release|Any CPU
		{969E9E2C-D757-4D08-A505-5C0521CA6EE2}.Debug|Any CPU.ActiveCfg = Debug|Any CPU
		{969E9E2C-D757-4D08-A505-5C0521CA6EE2}.Debug|Any CPU.Build.0 = Debug|Any CPU
		{969E9E2C-D757-4D08-A505-5C0521CA6EE2}.Release|Any CPU.ActiveCfg = Release|Any CPU
		{969E9E2C-D757-4D08-A505-5C0521CA6EE2}.Release|Any CPU.Build.0 = Release|Any CPU
		{68857CA8-0321-4BC8-83F4-CFCE0832F873}.Debug|Any CPU.ActiveCfg = Debug|Any CPU
		{68857CA8-0321-4BC8-83F4-CFCE0832F873}.Debug|Any CPU.Build.0 = Debug|Any CPU
		{68857CA8-0321-4BC8-83F4-CFCE0832F873}.Release|Any CPU.ActiveCfg = Release|Any CPU
		{68857CA8-0321-4BC8-83F4-CFCE0832F873}.Release|Any CPU.Build.0 = Release|Any CPU
		{2987C7DA-E3E2-4516-80A7-03D8AE6961D4}.Debug|Any CPU.ActiveCfg = Debug|Any CPU
		{2987C7DA-E3E2-4516-80A7-03D8AE6961D4}.Debug|Any CPU.Build.0 = Debug|Any CPU
		{2987C7DA-E3E2-4516-80A7-03D8AE6961D4}.Release|Any CPU.ActiveCfg = Release|Any CPU
		{2987C7DA-E3E2-4516-80A7-03D8AE6961D4}.Release|Any CPU.Build.0 = Release|Any CPU
	EndGlobalSection
	GlobalSection(SolutionProperties) = preSolution
		HideSolutionNode = FALSE
	EndGlobalSection
EndGlobal
