
Microsoft Visual Studio Solution File, Format Version 12.00
# Visual Studio 14
VisualStudioVersion = 14.0.25420.1
MinimumVisualStudioVersion = 10.0.40219.1
Project("{FAE04EC0-301F-11D3-BF4B-00C04F79EFBC}") = "ObjectsAndClassesExercises", "ObjectsAndClassesExercises\ObjectsAndClassesExercises.csproj", "{373DB46B-7B9D-4FFA-9F11-7778F70A9BF0}"
EndProject
Project("{FAE04EC0-301F-11D3-BF4B-00C04F79EFBC}") = "AdvertisementMessage", "AdvertisementMessage\AdvertisementMessage.csproj", "{09438E02-D963-445E-B85B-51C6C70562FE}"
EndProject
Global
	GlobalSection(SolutionConfigurationPlatforms) = preSolution
		Debug|Any CPU = Debug|Any CPU
		Release|Any CPU = Release|Any CPU
	EndGlobalSection
	GlobalSection(ProjectConfigurationPlatforms) = postSolution
		{373DB46B-7B9D-4FFA-9F11-7778F70A9BF0}.Debug|Any CPU.ActiveCfg = Debug|Any CPU
		{373DB46B-7B9D-4FFA-9F11-7778F70A9BF0}.Debug|Any CPU.Build.0 = Debug|Any CPU
		{373DB46B-7B9D-4FFA-9F11-7778F70A9BF0}.Release|Any CPU.ActiveCfg = Release|Any CPU
		{373DB46B-7B9D-4FFA-9F11-7778F70A9BF0}.Release|Any CPU.Build.0 = Release|Any CPU
		{09438E02-D963-445E-B85B-51C6C70562FE}.Debug|Any CPU.ActiveCfg = Debug|Any CPU
		{09438E02-D963-445E-B85B-51C6C70562FE}.Debug|Any CPU.Build.0 = Debug|Any CPU
		{09438E02-D963-445E-B85B-51C6C70562FE}.Release|Any CPU.ActiveCfg = Release|Any CPU
		{09438E02-D963-445E-B85B-51C6C70562FE}.Release|Any CPU.Build.0 = Release|Any CPU
	EndGlobalSection
	GlobalSection(SolutionProperties) = preSolution
		HideSolutionNode = FALSE
	EndGlobalSection
EndGlobal
