
Microsoft Visual Studio Solution File, Format Version 12.00
# Visual Studio 14
VisualStudioVersion = 14.0.25420.1
MinimumVisualStudioVersion = 10.0.40219.1
Project("{FAE04EC0-301F-11D3-BF4B-00C04F79EFBC}") = "Methods.DebuggingAndTroubleshootingCode", "Methods.DebuggingAndTroubleshootingCode\Methods.DebuggingAndTroubleshootingCode.csproj", "{B1F57511-C1AC-4952-BC11-8A5909E66CB4}"
EndProject
Project("{FAE04EC0-301F-11D3-BF4B-00C04F79EFBC}") = "BlankReceipt", "BlankReceipt\BlankReceipt.csproj", "{3D00806C-DC3F-4095-8B0E-38BDAE2EC3B9}"
EndProject
Project("{FAE04EC0-301F-11D3-BF4B-00C04F79EFBC}") = "SignOfIntegerNumber", "SignOfIntegerNumber\SignOfIntegerNumber.csproj", "{817683CB-22D5-4C79-9016-DA31A4392599}"
EndProject
Project("{FAE04EC0-301F-11D3-BF4B-00C04F79EFBC}") = "PrintingTriangle", "PrintingTriangle\PrintingTriangle.csproj", "{A0F50170-337C-4468-980F-A29A94D84640}"
EndProject
Project("{FAE04EC0-301F-11D3-BF4B-00C04F79EFBC}") = "DrawAFilledSquare", "DrawAFilledSquare\DrawAFilledSquare.csproj", "{A92BEFB0-7801-4542-8E46-5B78E5232CD8}"
EndProject
Project("{FAE04EC0-301F-11D3-BF4B-00C04F79EFBC}") = "CalculateTriangleArea", "CalculateTriangleArea\CalculateTriangleArea.csproj", "{24210962-8D0F-432C-9435-2E7BAE113C3D}"
EndProject
Project("{FAE04EC0-301F-11D3-BF4B-00C04F79EFBC}") = "MathPower", "MathPower\MathPower.csproj", "{86F34B07-7735-4A38-A3EC-E4906735E096}"
EndProject
Project("{FAE04EC0-301F-11D3-BF4B-00C04F79EFBC}") = "GreatherOfTwoValues", "GreatherOfTwoValues\GreatherOfTwoValues.csproj", "{AE273997-97BF-4912-B41E-6D092921AE90}"
EndProject
Project("{FAE04EC0-301F-11D3-BF4B-00C04F79EFBC}") = "MultiplyEvensByOdds", "MultiplyEvensByOdds\MultiplyEvensByOdds.csproj", "{26E1FFA9-9D5B-4D7E-B850-5B1682763194}"
EndProject
Project("{FAE04EC0-301F-11D3-BF4B-00C04F79EFBC}") = "FahrenheitAndCelsius", "FahrenheitAndCelsius\FahrenheitAndCelsius.csproj", "{A02E3847-83DE-412B-8FC8-2275D5769672}"
EndProject
Project("{FAE04EC0-301F-11D3-BF4B-00C04F79EFBC}") = "HolidaysBetweenTwoDates", "HolidaysBetweenTwoDates\HolidaysBetweenTwoDates.csproj", "{0206484A-2F35-4FB0-94E6-9357E719E5C7}"
EndProject
Project("{FAE04EC0-301F-11D3-BF4B-00C04F79EFBC}") = "PriceChangeAlert", "PriceChangeAlert\PriceChangeAlert.csproj", "{4EDF0565-6BD7-4915-A699-BBE816307429}"
EndProject
Project("{FAE04EC0-301F-11D3-BF4B-00C04F79EFBC}") = "HelloName", "HelloName\HelloName.csproj", "{D50F474A-212B-4026-A4E1-EC81A078FD5D}"
EndProject
Project("{FAE04EC0-301F-11D3-BF4B-00C04F79EFBC}") = "MaxMethod", "MaxMethod\MaxMethod.csproj", "{6D384454-6CD7-435C-AB6E-0D2E0E3321A5}"
EndProject
Project("{FAE04EC0-301F-11D3-BF4B-00C04F79EFBC}") = "EnglishNameOfLastDigit", "EnglishNameOfLastDigit\EnglishNameOfLastDigit.csproj", "{77727FAC-C77F-407C-96CC-35F51AC94AF9}"
EndProject
Project("{FAE04EC0-301F-11D3-BF4B-00C04F79EFBC}") = "NumbersInReversedOrder", "NumbersInReversedOrder\NumbersInReversedOrder.csproj", "{17C42E5F-B4B3-494F-BDB8-3635A2786C59}"
EndProject
Project("{FAE04EC0-301F-11D3-BF4B-00C04F79EFBC}") = "FibonacciNumbers", "FibonacciNumbers\FibonacciNumbers.csproj", "{BAFD5FB0-3653-4DBB-AD4C-09DB477F52B4}"
EndProject
Project("{FAE04EC0-301F-11D3-BF4B-00C04F79EFBC}") = "PrimeChecker", "PrimeChecker\PrimeChecker.csproj", "{684F06E0-7D00-4FC0-AF08-F7C09A8787F4}"
EndProject
Project("{FAE04EC0-301F-11D3-BF4B-00C04F79EFBC}") = "PrimesInGivenRange", "PrimesInGivenRange\PrimesInGivenRange.csproj", "{E0112DC2-4509-4D74-8B5A-CD86F83BBE77}"
EndProject
Project("{FAE04EC0-301F-11D3-BF4B-00C04F79EFBC}") = "CenterPoint", "CenterPoint\CenterPoint.csproj", "{E5E61B08-7788-489F-A1CD-4BEBFBEAC215}"
EndProject
Project("{FAE04EC0-301F-11D3-BF4B-00C04F79EFBC}") = "LongerLine", "LongerLine\LongerLine.csproj", "{52301A04-A629-42A2-A1B3-EC291C7C31D2}"
EndProject
Project("{FAE04EC0-301F-11D3-BF4B-00C04F79EFBC}") = "CubeProperties", "CubeProperties\CubeProperties.csproj", "{8076796A-237C-4E6A-B5D8-0EE6FB386A05}"
EndProject
Project("{FAE04EC0-301F-11D3-BF4B-00C04F79EFBC}") = "GeometryCalculator", "GeometryCalculator\GeometryCalculator.csproj", "{A2E14AD2-1608-459D-9185-36676F28F60F}"
EndProject
Project("{FAE04EC0-301F-11D3-BF4B-00C04F79EFBC}") = "MasterNumbers", "MasterNumbers\MasterNumbers.csproj", "{F5797726-84B7-43AD-8440-DBF8CD382561}"
EndProject
Project("{FAE04EC0-301F-11D3-BF4B-00C04F79EFBC}") = "Factorial", "Factorial\Factorial.csproj", "{8C4AC047-BADD-40E9-8FEA-5C18E36AFB8C}"
EndProject
Project("{FAE04EC0-301F-11D3-BF4B-00C04F79EFBC}") = "Factorial Trailing Zeroes", "Factorial Trailing Zeroes\Factorial Trailing Zeroes.csproj", "{01321459-B1C3-4312-B6EC-B83C7036D219}"
EndProject
Project("{FAE04EC0-301F-11D3-BF4B-00C04F79EFBC}") = "Substring", "Substring\Substring.csproj", "{7DC8B885-891F-428E-80C1-8518B38BD1B3}"
EndProject
Project("{FAE04EC0-301F-11D3-BF4B-00C04F79EFBC}") = "InstructiomSet", "InstructiomSet\InstructiomSet.csproj", "{8CF7251E-409A-4685-9218-97BAE3F3DDCA}"
EndProject
Project("{FAE04EC0-301F-11D3-BF4B-00C04F79EFBC}") = "BePositive", "BePositive\BePositive.csproj", "{53E2055D-C15F-473F-A4DD-1D59FD708BEF}"
EndProject
Project("{FAE04EC0-301F-11D3-BF4B-00C04F79EFBC}") = "SequenceOfCommands", "SequenceOfCommands\SequenceOfCommands.csproj", "{82551EC9-73B5-4CB1-89F3-F4F9BFF099B5}"
EndProject
Project("{FAE04EC0-301F-11D3-BF4B-00C04F79EFBC}") = "Practice", "Practice\Practice.csproj", "{CC1611A8-DD46-4CC0-A3F8-14A61662816D}"
EndProject
Global
	GlobalSection(SolutionConfigurationPlatforms) = preSolution
		Debug|Any CPU = Debug|Any CPU
		Release|Any CPU = Release|Any CPU
	EndGlobalSection
	GlobalSection(ProjectConfigurationPlatforms) = postSolution
		{B1F57511-C1AC-4952-BC11-8A5909E66CB4}.Debug|Any CPU.ActiveCfg = Debug|Any CPU
		{B1F57511-C1AC-4952-BC11-8A5909E66CB4}.Debug|Any CPU.Build.0 = Debug|Any CPU
		{B1F57511-C1AC-4952-BC11-8A5909E66CB4}.Release|Any CPU.ActiveCfg = Release|Any CPU
		{B1F57511-C1AC-4952-BC11-8A5909E66CB4}.Release|Any CPU.Build.0 = Release|Any CPU
		{3D00806C-DC3F-4095-8B0E-38BDAE2EC3B9}.Debug|Any CPU.ActiveCfg = Debug|Any CPU
		{3D00806C-DC3F-4095-8B0E-38BDAE2EC3B9}.Debug|Any CPU.Build.0 = Debug|Any CPU
		{3D00806C-DC3F-4095-8B0E-38BDAE2EC3B9}.Release|Any CPU.ActiveCfg = Release|Any CPU
		{3D00806C-DC3F-4095-8B0E-38BDAE2EC3B9}.Release|Any CPU.Build.0 = Release|Any CPU
		{817683CB-22D5-4C79-9016-DA31A4392599}.Debug|Any CPU.ActiveCfg = Debug|Any CPU
		{817683CB-22D5-4C79-9016-DA31A4392599}.Debug|Any CPU.Build.0 = Debug|Any CPU
		{817683CB-22D5-4C79-9016-DA31A4392599}.Release|Any CPU.ActiveCfg = Release|Any CPU
		{817683CB-22D5-4C79-9016-DA31A4392599}.Release|Any CPU.Build.0 = Release|Any CPU
		{A0F50170-337C-4468-980F-A29A94D84640}.Debug|Any CPU.ActiveCfg = Debug|Any CPU
		{A0F50170-337C-4468-980F-A29A94D84640}.Debug|Any CPU.Build.0 = Debug|Any CPU
		{A0F50170-337C-4468-980F-A29A94D84640}.Release|Any CPU.ActiveCfg = Release|Any CPU
		{A0F50170-337C-4468-980F-A29A94D84640}.Release|Any CPU.Build.0 = Release|Any CPU
		{A92BEFB0-7801-4542-8E46-5B78E5232CD8}.Debug|Any CPU.ActiveCfg = Debug|Any CPU
		{A92BEFB0-7801-4542-8E46-5B78E5232CD8}.Debug|Any CPU.Build.0 = Debug|Any CPU
		{A92BEFB0-7801-4542-8E46-5B78E5232CD8}.Release|Any CPU.ActiveCfg = Release|Any CPU
		{A92BEFB0-7801-4542-8E46-5B78E5232CD8}.Release|Any CPU.Build.0 = Release|Any CPU
		{24210962-8D0F-432C-9435-2E7BAE113C3D}.Debug|Any CPU.ActiveCfg = Debug|Any CPU
		{24210962-8D0F-432C-9435-2E7BAE113C3D}.Debug|Any CPU.Build.0 = Debug|Any CPU
		{24210962-8D0F-432C-9435-2E7BAE113C3D}.Release|Any CPU.ActiveCfg = Release|Any CPU
		{24210962-8D0F-432C-9435-2E7BAE113C3D}.Release|Any CPU.Build.0 = Release|Any CPU
		{86F34B07-7735-4A38-A3EC-E4906735E096}.Debug|Any CPU.ActiveCfg = Debug|Any CPU
		{86F34B07-7735-4A38-A3EC-E4906735E096}.Debug|Any CPU.Build.0 = Debug|Any CPU
		{86F34B07-7735-4A38-A3EC-E4906735E096}.Release|Any CPU.ActiveCfg = Release|Any CPU
		{86F34B07-7735-4A38-A3EC-E4906735E096}.Release|Any CPU.Build.0 = Release|Any CPU
		{AE273997-97BF-4912-B41E-6D092921AE90}.Debug|Any CPU.ActiveCfg = Debug|Any CPU
		{AE273997-97BF-4912-B41E-6D092921AE90}.Debug|Any CPU.Build.0 = Debug|Any CPU
		{AE273997-97BF-4912-B41E-6D092921AE90}.Release|Any CPU.ActiveCfg = Release|Any CPU
		{AE273997-97BF-4912-B41E-6D092921AE90}.Release|Any CPU.Build.0 = Release|Any CPU
		{26E1FFA9-9D5B-4D7E-B850-5B1682763194}.Debug|Any CPU.ActiveCfg = Debug|Any CPU
		{26E1FFA9-9D5B-4D7E-B850-5B1682763194}.Debug|Any CPU.Build.0 = Debug|Any CPU
		{26E1FFA9-9D5B-4D7E-B850-5B1682763194}.Release|Any CPU.ActiveCfg = Release|Any CPU
		{26E1FFA9-9D5B-4D7E-B850-5B1682763194}.Release|Any CPU.Build.0 = Release|Any CPU
		{A02E3847-83DE-412B-8FC8-2275D5769672}.Debug|Any CPU.ActiveCfg = Debug|Any CPU
		{A02E3847-83DE-412B-8FC8-2275D5769672}.Debug|Any CPU.Build.0 = Debug|Any CPU
		{A02E3847-83DE-412B-8FC8-2275D5769672}.Release|Any CPU.ActiveCfg = Release|Any CPU
		{A02E3847-83DE-412B-8FC8-2275D5769672}.Release|Any CPU.Build.0 = Release|Any CPU
		{0206484A-2F35-4FB0-94E6-9357E719E5C7}.Debug|Any CPU.ActiveCfg = Debug|Any CPU
		{0206484A-2F35-4FB0-94E6-9357E719E5C7}.Debug|Any CPU.Build.0 = Debug|Any CPU
		{0206484A-2F35-4FB0-94E6-9357E719E5C7}.Release|Any CPU.ActiveCfg = Release|Any CPU
		{0206484A-2F35-4FB0-94E6-9357E719E5C7}.Release|Any CPU.Build.0 = Release|Any CPU
		{4EDF0565-6BD7-4915-A699-BBE816307429}.Debug|Any CPU.ActiveCfg = Debug|Any CPU
		{4EDF0565-6BD7-4915-A699-BBE816307429}.Debug|Any CPU.Build.0 = Debug|Any CPU
		{4EDF0565-6BD7-4915-A699-BBE816307429}.Release|Any CPU.ActiveCfg = Release|Any CPU
		{4EDF0565-6BD7-4915-A699-BBE816307429}.Release|Any CPU.Build.0 = Release|Any CPU
		{D50F474A-212B-4026-A4E1-EC81A078FD5D}.Debug|Any CPU.ActiveCfg = Debug|Any CPU
		{D50F474A-212B-4026-A4E1-EC81A078FD5D}.Debug|Any CPU.Build.0 = Debug|Any CPU
		{D50F474A-212B-4026-A4E1-EC81A078FD5D}.Release|Any CPU.ActiveCfg = Release|Any CPU
		{D50F474A-212B-4026-A4E1-EC81A078FD5D}.Release|Any CPU.Build.0 = Release|Any CPU
		{6D384454-6CD7-435C-AB6E-0D2E0E3321A5}.Debug|Any CPU.ActiveCfg = Debug|Any CPU
		{6D384454-6CD7-435C-AB6E-0D2E0E3321A5}.Debug|Any CPU.Build.0 = Debug|Any CPU
		{6D384454-6CD7-435C-AB6E-0D2E0E3321A5}.Release|Any CPU.ActiveCfg = Release|Any CPU
		{6D384454-6CD7-435C-AB6E-0D2E0E3321A5}.Release|Any CPU.Build.0 = Release|Any CPU
		{77727FAC-C77F-407C-96CC-35F51AC94AF9}.Debug|Any CPU.ActiveCfg = Debug|Any CPU
		{77727FAC-C77F-407C-96CC-35F51AC94AF9}.Debug|Any CPU.Build.0 = Debug|Any CPU
		{77727FAC-C77F-407C-96CC-35F51AC94AF9}.Release|Any CPU.ActiveCfg = Release|Any CPU
		{77727FAC-C77F-407C-96CC-35F51AC94AF9}.Release|Any CPU.Build.0 = Release|Any CPU
		{17C42E5F-B4B3-494F-BDB8-3635A2786C59}.Debug|Any CPU.ActiveCfg = Debug|Any CPU
		{17C42E5F-B4B3-494F-BDB8-3635A2786C59}.Debug|Any CPU.Build.0 = Debug|Any CPU
		{17C42E5F-B4B3-494F-BDB8-3635A2786C59}.Release|Any CPU.ActiveCfg = Release|Any CPU
		{17C42E5F-B4B3-494F-BDB8-3635A2786C59}.Release|Any CPU.Build.0 = Release|Any CPU
		{BAFD5FB0-3653-4DBB-AD4C-09DB477F52B4}.Debug|Any CPU.ActiveCfg = Debug|Any CPU
		{BAFD5FB0-3653-4DBB-AD4C-09DB477F52B4}.Debug|Any CPU.Build.0 = Debug|Any CPU
		{BAFD5FB0-3653-4DBB-AD4C-09DB477F52B4}.Release|Any CPU.ActiveCfg = Release|Any CPU
		{BAFD5FB0-3653-4DBB-AD4C-09DB477F52B4}.Release|Any CPU.Build.0 = Release|Any CPU
		{684F06E0-7D00-4FC0-AF08-F7C09A8787F4}.Debug|Any CPU.ActiveCfg = Debug|Any CPU
		{684F06E0-7D00-4FC0-AF08-F7C09A8787F4}.Debug|Any CPU.Build.0 = Debug|Any CPU
		{684F06E0-7D00-4FC0-AF08-F7C09A8787F4}.Release|Any CPU.ActiveCfg = Release|Any CPU
		{684F06E0-7D00-4FC0-AF08-F7C09A8787F4}.Release|Any CPU.Build.0 = Release|Any CPU
		{E0112DC2-4509-4D74-8B5A-CD86F83BBE77}.Debug|Any CPU.ActiveCfg = Debug|Any CPU
		{E0112DC2-4509-4D74-8B5A-CD86F83BBE77}.Debug|Any CPU.Build.0 = Debug|Any CPU
		{E0112DC2-4509-4D74-8B5A-CD86F83BBE77}.Release|Any CPU.ActiveCfg = Release|Any CPU
		{E0112DC2-4509-4D74-8B5A-CD86F83BBE77}.Release|Any CPU.Build.0 = Release|Any CPU
		{E5E61B08-7788-489F-A1CD-4BEBFBEAC215}.Debug|Any CPU.ActiveCfg = Debug|Any CPU
		{E5E61B08-7788-489F-A1CD-4BEBFBEAC215}.Debug|Any CPU.Build.0 = Debug|Any CPU
		{E5E61B08-7788-489F-A1CD-4BEBFBEAC215}.Release|Any CPU.ActiveCfg = Release|Any CPU
		{E5E61B08-7788-489F-A1CD-4BEBFBEAC215}.Release|Any CPU.Build.0 = Release|Any CPU
		{52301A04-A629-42A2-A1B3-EC291C7C31D2}.Debug|Any CPU.ActiveCfg = Debug|Any CPU
		{52301A04-A629-42A2-A1B3-EC291C7C31D2}.Debug|Any CPU.Build.0 = Debug|Any CPU
		{52301A04-A629-42A2-A1B3-EC291C7C31D2}.Release|Any CPU.ActiveCfg = Release|Any CPU
		{52301A04-A629-42A2-A1B3-EC291C7C31D2}.Release|Any CPU.Build.0 = Release|Any CPU
		{8076796A-237C-4E6A-B5D8-0EE6FB386A05}.Debug|Any CPU.ActiveCfg = Debug|Any CPU
		{8076796A-237C-4E6A-B5D8-0EE6FB386A05}.Debug|Any CPU.Build.0 = Debug|Any CPU
		{8076796A-237C-4E6A-B5D8-0EE6FB386A05}.Release|Any CPU.ActiveCfg = Release|Any CPU
		{8076796A-237C-4E6A-B5D8-0EE6FB386A05}.Release|Any CPU.Build.0 = Release|Any CPU
		{A2E14AD2-1608-459D-9185-36676F28F60F}.Debug|Any CPU.ActiveCfg = Debug|Any CPU
		{A2E14AD2-1608-459D-9185-36676F28F60F}.Debug|Any CPU.Build.0 = Debug|Any CPU
		{A2E14AD2-1608-459D-9185-36676F28F60F}.Release|Any CPU.ActiveCfg = Release|Any CPU
		{A2E14AD2-1608-459D-9185-36676F28F60F}.Release|Any CPU.Build.0 = Release|Any CPU
		{F5797726-84B7-43AD-8440-DBF8CD382561}.Debug|Any CPU.ActiveCfg = Debug|Any CPU
		{F5797726-84B7-43AD-8440-DBF8CD382561}.Debug|Any CPU.Build.0 = Debug|Any CPU
		{F5797726-84B7-43AD-8440-DBF8CD382561}.Release|Any CPU.ActiveCfg = Release|Any CPU
		{F5797726-84B7-43AD-8440-DBF8CD382561}.Release|Any CPU.Build.0 = Release|Any CPU
		{8C4AC047-BADD-40E9-8FEA-5C18E36AFB8C}.Debug|Any CPU.ActiveCfg = Debug|Any CPU
		{8C4AC047-BADD-40E9-8FEA-5C18E36AFB8C}.Debug|Any CPU.Build.0 = Debug|Any CPU
		{8C4AC047-BADD-40E9-8FEA-5C18E36AFB8C}.Release|Any CPU.ActiveCfg = Release|Any CPU
		{8C4AC047-BADD-40E9-8FEA-5C18E36AFB8C}.Release|Any CPU.Build.0 = Release|Any CPU
		{01321459-B1C3-4312-B6EC-B83C7036D219}.Debug|Any CPU.ActiveCfg = Debug|Any CPU
		{01321459-B1C3-4312-B6EC-B83C7036D219}.Debug|Any CPU.Build.0 = Debug|Any CPU
		{01321459-B1C3-4312-B6EC-B83C7036D219}.Release|Any CPU.ActiveCfg = Release|Any CPU
		{01321459-B1C3-4312-B6EC-B83C7036D219}.Release|Any CPU.Build.0 = Release|Any CPU
		{7DC8B885-891F-428E-80C1-8518B38BD1B3}.Debug|Any CPU.ActiveCfg = Debug|Any CPU
		{7DC8B885-891F-428E-80C1-8518B38BD1B3}.Debug|Any CPU.Build.0 = Debug|Any CPU
		{7DC8B885-891F-428E-80C1-8518B38BD1B3}.Release|Any CPU.ActiveCfg = Release|Any CPU
		{7DC8B885-891F-428E-80C1-8518B38BD1B3}.Release|Any CPU.Build.0 = Release|Any CPU
		{8CF7251E-409A-4685-9218-97BAE3F3DDCA}.Debug|Any CPU.ActiveCfg = Debug|Any CPU
		{8CF7251E-409A-4685-9218-97BAE3F3DDCA}.Debug|Any CPU.Build.0 = Debug|Any CPU
		{8CF7251E-409A-4685-9218-97BAE3F3DDCA}.Release|Any CPU.ActiveCfg = Release|Any CPU
		{8CF7251E-409A-4685-9218-97BAE3F3DDCA}.Release|Any CPU.Build.0 = Release|Any CPU
		{53E2055D-C15F-473F-A4DD-1D59FD708BEF}.Debug|Any CPU.ActiveCfg = Debug|Any CPU
		{53E2055D-C15F-473F-A4DD-1D59FD708BEF}.Debug|Any CPU.Build.0 = Debug|Any CPU
		{53E2055D-C15F-473F-A4DD-1D59FD708BEF}.Release|Any CPU.ActiveCfg = Release|Any CPU
		{53E2055D-C15F-473F-A4DD-1D59FD708BEF}.Release|Any CPU.Build.0 = Release|Any CPU
		{82551EC9-73B5-4CB1-89F3-F4F9BFF099B5}.Debug|Any CPU.ActiveCfg = Debug|Any CPU
		{82551EC9-73B5-4CB1-89F3-F4F9BFF099B5}.Debug|Any CPU.Build.0 = Debug|Any CPU
		{82551EC9-73B5-4CB1-89F3-F4F9BFF099B5}.Release|Any CPU.ActiveCfg = Release|Any CPU
		{82551EC9-73B5-4CB1-89F3-F4F9BFF099B5}.Release|Any CPU.Build.0 = Release|Any CPU
		{CC1611A8-DD46-4CC0-A3F8-14A61662816D}.Debug|Any CPU.ActiveCfg = Debug|Any CPU
		{CC1611A8-DD46-4CC0-A3F8-14A61662816D}.Debug|Any CPU.Build.0 = Debug|Any CPU
		{CC1611A8-DD46-4CC0-A3F8-14A61662816D}.Release|Any CPU.ActiveCfg = Release|Any CPU
		{CC1611A8-DD46-4CC0-A3F8-14A61662816D}.Release|Any CPU.Build.0 = Release|Any CPU
	EndGlobalSection
	GlobalSection(SolutionProperties) = preSolution
		HideSolutionNode = FALSE
	EndGlobalSection
EndGlobal
