
Microsoft Visual Studio Solution File, Format Version 12.00
# Visual Studio 15
VisualStudioVersion = 15.0.27004.2006
MinimumVisualStudioVersion = 10.0.40219.1
Project("{FAE04EC0-301F-11D3-BF4B-00C04F79EFBC}") = "IntroductionToEntityFrameworkExcercises", "IntroductionToEntityFrameworkExcercises\IntroductionToEntityFrameworkExcercises.csproj", "{029DB0A1-BACA-4940-AAEC-4F40101A5D24}"
EndProject
Global
	GlobalSection(SolutionConfigurationPlatforms) = preSolution
		Debug|Any CPU = Debug|Any CPU
		Release|Any CPU = Release|Any CPU
	EndGlobalSection
	GlobalSection(ProjectConfigurationPlatforms) = postSolution
		{029DB0A1-BACA-4940-AAEC-4F40101A5D24}.Debug|Any CPU.ActiveCfg = Debug|Any CPU
		{029DB0A1-BACA-4940-AAEC-4F40101A5D24}.Debug|Any CPU.Build.0 = Debug|Any CPU
		{029DB0A1-BACA-4940-AAEC-4F40101A5D24}.Release|Any CPU.ActiveCfg = Release|Any CPU
		{029DB0A1-BACA-4940-AAEC-4F40101A5D24}.Release|Any CPU.Build.0 = Release|Any CPU
	EndGlobalSection
	GlobalSection(SolutionProperties) = preSolution
		HideSolutionNode = FALSE
	EndGlobalSection
	GlobalSection(ExtensibilityGlobals) = postSolution
		SolutionGuid = {A3404B24-B853-4FEB-B36E-A06DB4D88C29}
	EndGlobalSection
EndGlobal
