
Microsoft Visual Studio Solution File, Format Version 12.00
# Visual Studio 15
VisualStudioVersion = 15.0.27004.2009
MinimumVisualStudioVersion = 10.0.40219.1
Project("{FAE04EC0-301F-11D3-BF4B-00C04F79EFBC}") = "MVCAppSoftUniLibrary", "MVCAppSoftUniLibrary\MVCAppSoftUniLibrary.csproj", "{0711F0AB-B75C-4B63-B4D5-EEAB1D76F8F8}"
EndProject
Project("{FAE04EC0-301F-11D3-BF4B-00C04F79EFBC}") = "MVCAppSoftUniLibrary.Models", "MVCAppSoftUniLibrary.Models\MVCAppSoftUniLibrary.Models.csproj", "{DC434318-2AF3-46AB-B16A-73DAE73E7EB4}"
EndProject
Project("{FAE04EC0-301F-11D3-BF4B-00C04F79EFBC}") = "MVCAppSoftUniLibrary.Data", "MVCAppSoftUniLibrary.Data\MVCAppSoftUniLibrary.Data.csproj", "{1691CD01-2F47-4075-B713-0D5DC4ACB801}"
EndProject
Global
	GlobalSection(SolutionConfigurationPlatforms) = preSolution
		Debug|Any CPU = Debug|Any CPU
		Release|Any CPU = Release|Any CPU
	EndGlobalSection
	GlobalSection(ProjectConfigurationPlatforms) = postSolution
		{0711F0AB-B75C-4B63-B4D5-EEAB1D76F8F8}.Debug|Any CPU.ActiveCfg = Debug|Any CPU
		{0711F0AB-B75C-4B63-B4D5-EEAB1D76F8F8}.Debug|Any CPU.Build.0 = Debug|Any CPU
		{0711F0AB-B75C-4B63-B4D5-EEAB1D76F8F8}.Release|Any CPU.ActiveCfg = Release|Any CPU
		{0711F0AB-B75C-4B63-B4D5-EEAB1D76F8F8}.Release|Any CPU.Build.0 = Release|Any CPU
		{DC434318-2AF3-46AB-B16A-73DAE73E7EB4}.Debug|Any CPU.ActiveCfg = Debug|Any CPU
		{DC434318-2AF3-46AB-B16A-73DAE73E7EB4}.Debug|Any CPU.Build.0 = Debug|Any CPU
		{DC434318-2AF3-46AB-B16A-73DAE73E7EB4}.Release|Any CPU.ActiveCfg = Release|Any CPU
		{DC434318-2AF3-46AB-B16A-73DAE73E7EB4}.Release|Any CPU.Build.0 = Release|Any CPU
		{1691CD01-2F47-4075-B713-0D5DC4ACB801}.Debug|Any CPU.ActiveCfg = Debug|Any CPU
		{1691CD01-2F47-4075-B713-0D5DC4ACB801}.Debug|Any CPU.Build.0 = Debug|Any CPU
		{1691CD01-2F47-4075-B713-0D5DC4ACB801}.Release|Any CPU.ActiveCfg = Release|Any CPU
		{1691CD01-2F47-4075-B713-0D5DC4ACB801}.Release|Any CPU.Build.0 = Release|Any CPU
	EndGlobalSection
	GlobalSection(SolutionProperties) = preSolution
		HideSolutionNode = FALSE
	EndGlobalSection
	GlobalSection(ExtensibilityGlobals) = postSolution
		SolutionGuid = {C4569923-F0A7-4363-9BBE-5262F9FBBEF0}
	EndGlobalSection
EndGlobal
