
Microsoft Visual Studio Solution File, Format Version 12.00
# Visual Studio 14
VisualStudioVersion = 14.0.25420.1
MinimumVisualStudioVersion = 10.0.40219.1
Project("{FAE04EC0-301F-11D3-BF4B-00C04F79EFBC}") = "ArraysAndLists-Exercises", "ArraysAndLists-Exercises\ArraysAndLists-Exercises.csproj", "{4E19FD81-BB6E-448C-9774-12C75C9CD265}"
EndProject
Project("{FAE04EC0-301F-11D3-BF4B-00C04F79EFBC}") = "LargestCommonEnd", "LargestCommonEnd\LargestCommonEnd.csproj", "{0CBB183E-032D-4156-88C2-2700ED8A5E8A}"
EndProject
Project("{FAE04EC0-301F-11D3-BF4B-00C04F79EFBC}") = "RotateAndSum", "RotateAndSum\RotateAndSum.csproj", "{E60D6C5E-AAC9-45ED-A333-67EC3ABB6D5F}"
EndProject
Project("{FAE04EC0-301F-11D3-BF4B-00C04F79EFBC}") = "FoldAndSum", "FoldAndSum\FoldAndSum.csproj", "{F98AAE9D-9B8B-4087-AAFE-81BBB9A421E3}"
EndProject
Project("{FAE04EC0-301F-11D3-BF4B-00C04F79EFBC}") = "SieveOfEratosthenes", "SieveOfEratosthenes\SieveOfEratosthenes.csproj", "{73F956D0-34DE-4428-BD8F-79D9D1E1B9B1}"
EndProject
Project("{FAE04EC0-301F-11D3-BF4B-00C04F79EFBC}") = "CompareCharArrays", "CompareCharArrays\CompareCharArrays.csproj", "{5ECBD9AD-404F-4CC7-AD7B-3D60CD7992A9}"
EndProject
Project("{FAE04EC0-301F-11D3-BF4B-00C04F79EFBC}") = "MaxSequenceOfEqualElements", "MaxSequenceOfEqualElements\MaxSequenceOfEqualElements.csproj", "{3EFD3332-13FF-4393-894C-74A69C855791}"
EndProject
Project("{FAE04EC0-301F-11D3-BF4B-00C04F79EFBC}") = "MaxSequenceOfIncreasingElements", "MaxSequenceOfIncreasingElements\MaxSequenceOfIncreasingElements.csproj", "{91BB136B-0227-4A21-AC1D-8E927A699869}"
EndProject
Project("{FAE04EC0-301F-11D3-BF4B-00C04F79EFBC}") = "MostFrequentNumber", "MostFrequentNumber\MostFrequentNumber.csproj", "{3DCE4730-5C65-4B28-8A42-76EFE957F9F5}"
EndProject
Project("{FAE04EC0-301F-11D3-BF4B-00C04F79EFBC}") = "IndexOfLetters", "IndexOfLetters\IndexOfLetters.csproj", "{58C42A32-4105-4736-AE9B-AA3A7C86D0AB}"
EndProject
Project("{FAE04EC0-301F-11D3-BF4B-00C04F79EFBC}") = "PairsByDifference", "PairsByDifference\PairsByDifference.csproj", "{88117065-8E4B-4F9E-9671-CC32501A5972}"
EndProject
Project("{FAE04EC0-301F-11D3-BF4B-00C04F79EFBC}") = "EqualSums", "EqualSums\EqualSums.csproj", "{921FEE6C-1538-429D-9B8B-F295E29BCD95}"
EndProject
Project("{FAE04EC0-301F-11D3-BF4B-00C04F79EFBC}") = "SumReversedNumbers", "SumReversedNumbers\SumReversedNumbers.csproj", "{531964B7-E9E7-432B-97ED-F1C754114EF2}"
EndProject
Project("{FAE04EC0-301F-11D3-BF4B-00C04F79EFBC}") = "BombNumbers", "BombNumbers\BombNumbers.csproj", "{D8A59C7A-68C8-4C1C-8105-303C36A4103E}"
EndProject
Global
	GlobalSection(SolutionConfigurationPlatforms) = preSolution
		Debug|Any CPU = Debug|Any CPU
		Release|Any CPU = Release|Any CPU
	EndGlobalSection
	GlobalSection(ProjectConfigurationPlatforms) = postSolution
		{4E19FD81-BB6E-448C-9774-12C75C9CD265}.Debug|Any CPU.ActiveCfg = Debug|Any CPU
		{4E19FD81-BB6E-448C-9774-12C75C9CD265}.Debug|Any CPU.Build.0 = Debug|Any CPU
		{4E19FD81-BB6E-448C-9774-12C75C9CD265}.Release|Any CPU.ActiveCfg = Release|Any CPU
		{4E19FD81-BB6E-448C-9774-12C75C9CD265}.Release|Any CPU.Build.0 = Release|Any CPU
		{0CBB183E-032D-4156-88C2-2700ED8A5E8A}.Debug|Any CPU.ActiveCfg = Debug|Any CPU
		{0CBB183E-032D-4156-88C2-2700ED8A5E8A}.Debug|Any CPU.Build.0 = Debug|Any CPU
		{0CBB183E-032D-4156-88C2-2700ED8A5E8A}.Release|Any CPU.ActiveCfg = Release|Any CPU
		{0CBB183E-032D-4156-88C2-2700ED8A5E8A}.Release|Any CPU.Build.0 = Release|Any CPU
		{E60D6C5E-AAC9-45ED-A333-67EC3ABB6D5F}.Debug|Any CPU.ActiveCfg = Debug|Any CPU
		{E60D6C5E-AAC9-45ED-A333-67EC3ABB6D5F}.Debug|Any CPU.Build.0 = Debug|Any CPU
		{E60D6C5E-AAC9-45ED-A333-67EC3ABB6D5F}.Release|Any CPU.ActiveCfg = Release|Any CPU
		{E60D6C5E-AAC9-45ED-A333-67EC3ABB6D5F}.Release|Any CPU.Build.0 = Release|Any CPU
		{F98AAE9D-9B8B-4087-AAFE-81BBB9A421E3}.Debug|Any CPU.ActiveCfg = Debug|Any CPU
		{F98AAE9D-9B8B-4087-AAFE-81BBB9A421E3}.Debug|Any CPU.Build.0 = Debug|Any CPU
		{F98AAE9D-9B8B-4087-AAFE-81BBB9A421E3}.Release|Any CPU.ActiveCfg = Release|Any CPU
		{F98AAE9D-9B8B-4087-AAFE-81BBB9A421E3}.Release|Any CPU.Build.0 = Release|Any CPU
		{73F956D0-34DE-4428-BD8F-79D9D1E1B9B1}.Debug|Any CPU.ActiveCfg = Debug|Any CPU
		{73F956D0-34DE-4428-BD8F-79D9D1E1B9B1}.Debug|Any CPU.Build.0 = Debug|Any CPU
		{73F956D0-34DE-4428-BD8F-79D9D1E1B9B1}.Release|Any CPU.ActiveCfg = Release|Any CPU
		{73F956D0-34DE-4428-BD8F-79D9D1E1B9B1}.Release|Any CPU.Build.0 = Release|Any CPU
		{5ECBD9AD-404F-4CC7-AD7B-3D60CD7992A9}.Debug|Any CPU.ActiveCfg = Debug|Any CPU
		{5ECBD9AD-404F-4CC7-AD7B-3D60CD7992A9}.Debug|Any CPU.Build.0 = Debug|Any CPU
		{5ECBD9AD-404F-4CC7-AD7B-3D60CD7992A9}.Release|Any CPU.ActiveCfg = Release|Any CPU
		{5ECBD9AD-404F-4CC7-AD7B-3D60CD7992A9}.Release|Any CPU.Build.0 = Release|Any CPU
		{3EFD3332-13FF-4393-894C-74A69C855791}.Debug|Any CPU.ActiveCfg = Debug|Any CPU
		{3EFD3332-13FF-4393-894C-74A69C855791}.Debug|Any CPU.Build.0 = Debug|Any CPU
		{3EFD3332-13FF-4393-894C-74A69C855791}.Release|Any CPU.ActiveCfg = Release|Any CPU
		{3EFD3332-13FF-4393-894C-74A69C855791}.Release|Any CPU.Build.0 = Release|Any CPU
		{91BB136B-0227-4A21-AC1D-8E927A699869}.Debug|Any CPU.ActiveCfg = Debug|Any CPU
		{91BB136B-0227-4A21-AC1D-8E927A699869}.Debug|Any CPU.Build.0 = Debug|Any CPU
		{91BB136B-0227-4A21-AC1D-8E927A699869}.Release|Any CPU.ActiveCfg = Release|Any CPU
		{91BB136B-0227-4A21-AC1D-8E927A699869}.Release|Any CPU.Build.0 = Release|Any CPU
		{3DCE4730-5C65-4B28-8A42-76EFE957F9F5}.Debug|Any CPU.ActiveCfg = Debug|Any CPU
		{3DCE4730-5C65-4B28-8A42-76EFE957F9F5}.Debug|Any CPU.Build.0 = Debug|Any CPU
		{3DCE4730-5C65-4B28-8A42-76EFE957F9F5}.Release|Any CPU.ActiveCfg = Release|Any CPU
		{3DCE4730-5C65-4B28-8A42-76EFE957F9F5}.Release|Any CPU.Build.0 = Release|Any CPU
		{58C42A32-4105-4736-AE9B-AA3A7C86D0AB}.Debug|Any CPU.ActiveCfg = Debug|Any CPU
		{58C42A32-4105-4736-AE9B-AA3A7C86D0AB}.Debug|Any CPU.Build.0 = Debug|Any CPU
		{58C42A32-4105-4736-AE9B-AA3A7C86D0AB}.Release|Any CPU.ActiveCfg = Release|Any CPU
		{58C42A32-4105-4736-AE9B-AA3A7C86D0AB}.Release|Any CPU.Build.0 = Release|Any CPU
		{88117065-8E4B-4F9E-9671-CC32501A5972}.Debug|Any CPU.ActiveCfg = Debug|Any CPU
		{88117065-8E4B-4F9E-9671-CC32501A5972}.Debug|Any CPU.Build.0 = Debug|Any CPU
		{88117065-8E4B-4F9E-9671-CC32501A5972}.Release|Any CPU.ActiveCfg = Release|Any CPU
		{88117065-8E4B-4F9E-9671-CC32501A5972}.Release|Any CPU.Build.0 = Release|Any CPU
		{921FEE6C-1538-429D-9B8B-F295E29BCD95}.Debug|Any CPU.ActiveCfg = Debug|Any CPU
		{921FEE6C-1538-429D-9B8B-F295E29BCD95}.Debug|Any CPU.Build.0 = Debug|Any CPU
		{921FEE6C-1538-429D-9B8B-F295E29BCD95}.Release|Any CPU.ActiveCfg = Release|Any CPU
		{921FEE6C-1538-429D-9B8B-F295E29BCD95}.Release|Any CPU.Build.0 = Release|Any CPU
		{531964B7-E9E7-432B-97ED-F1C754114EF2}.Debug|Any CPU.ActiveCfg = Debug|Any CPU
		{531964B7-E9E7-432B-97ED-F1C754114EF2}.Debug|Any CPU.Build.0 = Debug|Any CPU
		{531964B7-E9E7-432B-97ED-F1C754114EF2}.Release|Any CPU.ActiveCfg = Release|Any CPU
		{531964B7-E9E7-432B-97ED-F1C754114EF2}.Release|Any CPU.Build.0 = Release|Any CPU
		{D8A59C7A-68C8-4C1C-8105-303C36A4103E}.Debug|Any CPU.ActiveCfg = Debug|Any CPU
		{D8A59C7A-68C8-4C1C-8105-303C36A4103E}.Debug|Any CPU.Build.0 = Debug|Any CPU
		{D8A59C7A-68C8-4C1C-8105-303C36A4103E}.Release|Any CPU.ActiveCfg = Release|Any CPU
		{D8A59C7A-68C8-4C1C-8105-303C36A4103E}.Release|Any CPU.Build.0 = Release|Any CPU
	EndGlobalSection
	GlobalSection(SolutionProperties) = preSolution
		HideSolutionNode = FALSE
	EndGlobalSection
EndGlobal
