
Microsoft Visual Studio Solution File, Format Version 12.00
# Visual Studio 15
VisualStudioVersion = 15.0.27004.2009
MinimumVisualStudioVersion = 10.0.40219.1
Project("{FAE04EC0-301F-11D3-BF4B-00C04F79EFBC}") = "Forum.Data", "Forum.Data\Forum.Data.csproj", "{666791DE-D976-459F-81BC-16891E3B1432}"
EndProject
Project("{FAE04EC0-301F-11D3-BF4B-00C04F79EFBC}") = "Forum.Data.Models", "Forum.Data.Models\Forum.Data.Models.csproj", "{7C9E46DC-6E64-4A37-A274-F188C001DB11}"
EndProject
Project("{FAE04EC0-301F-11D3-BF4B-00C04F79EFBC}") = "Forum.App", "Forum.App\Forum.App.csproj", "{F7EE3B08-4D95-4833-94C9-97989612D5DD}"
EndProject
Project("{FAE04EC0-301F-11D3-BF4B-00C04F79EFBC}") = "Forum.Services", "Forum.Services\Forum.Services.csproj", "{64C82A4D-FA09-4792-BE73-D4C963077417}"
EndProject
Global
	GlobalSection(SolutionConfigurationPlatforms) = preSolution
		Debug|Any CPU = Debug|Any CPU
		Release|Any CPU = Release|Any CPU
	EndGlobalSection
	GlobalSection(ProjectConfigurationPlatforms) = postSolution
		{666791DE-D976-459F-81BC-16891E3B1432}.Debug|Any CPU.ActiveCfg = Debug|Any CPU
		{666791DE-D976-459F-81BC-16891E3B1432}.Debug|Any CPU.Build.0 = Debug|Any CPU
		{666791DE-D976-459F-81BC-16891E3B1432}.Release|Any CPU.ActiveCfg = Release|Any CPU
		{666791DE-D976-459F-81BC-16891E3B1432}.Release|Any CPU.Build.0 = Release|Any CPU
		{7C9E46DC-6E64-4A37-A274-F188C001DB11}.Debug|Any CPU.ActiveCfg = Debug|Any CPU
		{7C9E46DC-6E64-4A37-A274-F188C001DB11}.Debug|Any CPU.Build.0 = Debug|Any CPU
		{7C9E46DC-6E64-4A37-A274-F188C001DB11}.Release|Any CPU.ActiveCfg = Release|Any CPU
		{7C9E46DC-6E64-4A37-A274-F188C001DB11}.Release|Any CPU.Build.0 = Release|Any CPU
		{F7EE3B08-4D95-4833-94C9-97989612D5DD}.Debug|Any CPU.ActiveCfg = Debug|Any CPU
		{F7EE3B08-4D95-4833-94C9-97989612D5DD}.Debug|Any CPU.Build.0 = Debug|Any CPU
		{F7EE3B08-4D95-4833-94C9-97989612D5DD}.Release|Any CPU.ActiveCfg = Release|Any CPU
		{F7EE3B08-4D95-4833-94C9-97989612D5DD}.Release|Any CPU.Build.0 = Release|Any CPU
		{64C82A4D-FA09-4792-BE73-D4C963077417}.Debug|Any CPU.ActiveCfg = Debug|Any CPU
		{64C82A4D-FA09-4792-BE73-D4C963077417}.Debug|Any CPU.Build.0 = Debug|Any CPU
		{64C82A4D-FA09-4792-BE73-D4C963077417}.Release|Any CPU.ActiveCfg = Release|Any CPU
		{64C82A4D-FA09-4792-BE73-D4C963077417}.Release|Any CPU.Build.0 = Release|Any CPU
	EndGlobalSection
	GlobalSection(SolutionProperties) = preSolution
		HideSolutionNode = FALSE
	EndGlobalSection
	GlobalSection(ExtensibilityGlobals) = postSolution
		SolutionGuid = {ED9E6396-8264-4EFE-8AAA-B80D98AC04EB}
	EndGlobalSection
EndGlobal
