
Microsoft Visual Studio Solution File, Format Version 12.00
# Visual Studio 15
VisualStudioVersion = 15.0.27004.2006
MinimumVisualStudioVersion = 10.0.40219.1
Project("{9A19103F-16F7-4668-BE54-9A1E7A4F7556}") = "HospitalDatabase", "HospitalDatabase\HospitalDatabase.csproj", "{CA4A4736-6323-4390-B154-6A99CB0B54E4}"
EndProject
Global
	GlobalSection(SolutionConfigurationPlatforms) = preSolution
		Debug|Any CPU = Debug|Any CPU
		Release|Any CPU = Release|Any CPU
	EndGlobalSection
	GlobalSection(ProjectConfigurationPlatforms) = postSolution
		{CA4A4736-6323-4390-B154-6A99CB0B54E4}.Debug|Any CPU.ActiveCfg = Debug|Any CPU
		{CA4A4736-6323-4390-B154-6A99CB0B54E4}.Debug|Any CPU.Build.0 = Debug|Any CPU
		{CA4A4736-6323-4390-B154-6A99CB0B54E4}.Release|Any CPU.ActiveCfg = Release|Any CPU
		{CA4A4736-6323-4390-B154-6A99CB0B54E4}.Release|Any CPU.Build.0 = Release|Any CPU
	EndGlobalSection
	GlobalSection(SolutionProperties) = preSolution
		HideSolutionNode = FALSE
	EndGlobalSection
	GlobalSection(ExtensibilityGlobals) = postSolution
		SolutionGuid = {A4AC0603-9873-406B-AB95-B84B5EB06792}
	EndGlobalSection
EndGlobal
