
Microsoft Visual Studio Solution File, Format Version 12.00
# Visual Studio 14
VisualStudioVersion = 14.0.25420.1
MinimumVisualStudioVersion = 10.0.40219.1
Project("{FAE04EC0-301F-11D3-BF4B-00C04F79EFBC}") = "ExamPreparationOne", "ExamPreparationOne\ExamPreparationOne.csproj", "{D573EDF0-A692-49E9-AA83-D7B20767E0F5}"
EndProject
Project("{FAE04EC0-301F-11D3-BF4B-00C04F79EFBC}") = "SoftUniCoffeeOrders", "SoftUniCoffeeOrders\SoftUniCoffeeOrders.csproj", "{53A743BF-8996-4121-B7C4-54FFC46301EC}"
EndProject
Project("{FAE04EC0-301F-11D3-BF4B-00C04F79EFBC}") = "CommandInterpreter", "CommandInterpreter\CommandInterpreter.csproj", "{C3D92997-8380-4A96-9BFA-F124F59C4F07}"
EndProject
Project("{FAE04EC0-301F-11D3-BF4B-00C04F79EFBC}") = "RageQuit", "RageQuit\RageQuit.csproj", "{0BC44589-09AB-45AA-BF39-80322F7BF103}"
EndProject
Project("{FAE04EC0-301F-11D3-BF4B-00C04F79EFBC}") = "RageQuit2", "RageQuit2\RageQuit2.csproj", "{90975C1D-6EA6-4924-9C4F-7C16063B9753}"
EndProject
Project("{FAE04EC0-301F-11D3-BF4B-00C04F79EFBC}") = "Files", "Files\Files.csproj", "{829F8C7F-3F4F-45D5-9F38-F9C6854CF540}"
EndProject
Global
	GlobalSection(SolutionConfigurationPlatforms) = preSolution
		Debug|Any CPU = Debug|Any CPU
		Release|Any CPU = Release|Any CPU
	EndGlobalSection
	GlobalSection(ProjectConfigurationPlatforms) = postSolution
		{D573EDF0-A692-49E9-AA83-D7B20767E0F5}.Debug|Any CPU.ActiveCfg = Debug|Any CPU
		{D573EDF0-A692-49E9-AA83-D7B20767E0F5}.Debug|Any CPU.Build.0 = Debug|Any CPU
		{D573EDF0-A692-49E9-AA83-D7B20767E0F5}.Release|Any CPU.ActiveCfg = Release|Any CPU
		{D573EDF0-A692-49E9-AA83-D7B20767E0F5}.Release|Any CPU.Build.0 = Release|Any CPU
		{53A743BF-8996-4121-B7C4-54FFC46301EC}.Debug|Any CPU.ActiveCfg = Debug|Any CPU
		{53A743BF-8996-4121-B7C4-54FFC46301EC}.Debug|Any CPU.Build.0 = Debug|Any CPU
		{53A743BF-8996-4121-B7C4-54FFC46301EC}.Release|Any CPU.ActiveCfg = Release|Any CPU
		{53A743BF-8996-4121-B7C4-54FFC46301EC}.Release|Any CPU.Build.0 = Release|Any CPU
		{C3D92997-8380-4A96-9BFA-F124F59C4F07}.Debug|Any CPU.ActiveCfg = Debug|Any CPU
		{C3D92997-8380-4A96-9BFA-F124F59C4F07}.Debug|Any CPU.Build.0 = Debug|Any CPU
		{C3D92997-8380-4A96-9BFA-F124F59C4F07}.Release|Any CPU.ActiveCfg = Release|Any CPU
		{C3D92997-8380-4A96-9BFA-F124F59C4F07}.Release|Any CPU.Build.0 = Release|Any CPU
		{0BC44589-09AB-45AA-BF39-80322F7BF103}.Debug|Any CPU.ActiveCfg = Debug|Any CPU
		{0BC44589-09AB-45AA-BF39-80322F7BF103}.Debug|Any CPU.Build.0 = Debug|Any CPU
		{0BC44589-09AB-45AA-BF39-80322F7BF103}.Release|Any CPU.ActiveCfg = Release|Any CPU
		{0BC44589-09AB-45AA-BF39-80322F7BF103}.Release|Any CPU.Build.0 = Release|Any CPU
		{90975C1D-6EA6-4924-9C4F-7C16063B9753}.Debug|Any CPU.ActiveCfg = Debug|Any CPU
		{90975C1D-6EA6-4924-9C4F-7C16063B9753}.Debug|Any CPU.Build.0 = Debug|Any CPU
		{90975C1D-6EA6-4924-9C4F-7C16063B9753}.Release|Any CPU.ActiveCfg = Release|Any CPU
		{90975C1D-6EA6-4924-9C4F-7C16063B9753}.Release|Any CPU.Build.0 = Release|Any CPU
		{829F8C7F-3F4F-45D5-9F38-F9C6854CF540}.Debug|Any CPU.ActiveCfg = Debug|Any CPU
		{829F8C7F-3F4F-45D5-9F38-F9C6854CF540}.Debug|Any CPU.Build.0 = Debug|Any CPU
		{829F8C7F-3F4F-45D5-9F38-F9C6854CF540}.Release|Any CPU.ActiveCfg = Release|Any CPU
		{829F8C7F-3F4F-45D5-9F38-F9C6854CF540}.Release|Any CPU.Build.0 = Release|Any CPU
	EndGlobalSection
	GlobalSection(SolutionProperties) = preSolution
		HideSolutionNode = FALSE
	EndGlobalSection
EndGlobal
