
Microsoft Visual Studio Solution File, Format Version 12.00
# Visual Studio 14
VisualStudioVersion = 14.0.25420.1
MinimumVisualStudioVersion = 10.0.40219.1
Project("{FAE04EC0-301F-11D3-BF4B-00C04F79EFBC}") = "Izpit 18 dekemvri 2016", "Izpit 18 dekemvri 2016\Izpit 18 dekemvri 2016.csproj", "{36C9073F-ECCE-40E9-A91F-230C4DCE7797}"
EndProject
Project("{FAE04EC0-301F-11D3-BF4B-00C04F79EFBC}") = "Zadacha 1 Razstoqnie", "Zadacha 1 Razstoqnie\Zadacha 1 Razstoqnie.csproj", "{E210DC7E-8E42-4E04-9D97-DC1E96D3AF6B}"
EndProject
Project("{FAE04EC0-301F-11D3-BF4B-00C04F79EFBC}") = "Zadacha 2 Smqna na plochki", "Zadacha 2 Smqna na plochki\Zadacha 2 Smqna na plochki.csproj", "{42F1FF7A-5410-4576-8D25-622E2C85CCC0}"
EndProject
Project("{FAE04EC0-301F-11D3-BF4B-00C04F79EFBC}") = "Zadacha 3 Magazin za cvetq", "Zadacha 3 Magazin za cvetq\Zadacha 3 Magazin za cvetq.csproj", "{A4CF7DE3-8F05-4187-ABE8-FFC8A3BE96E0}"
EndProject
Project("{FAE04EC0-301F-11D3-BF4B-00C04F79EFBC}") = "Zadacha 4 Ocenki", "Zadacha 4 Ocenki\Zadacha 4 Ocenki.csproj", "{0505B234-AF3B-478D-9623-716F855BDFBB}"
EndProject
Project("{FAE04EC0-301F-11D3-BF4B-00C04F79EFBC}") = "Zadacha 5 Christmas hat", "Zadacha 5 Christmas hat\Zadacha 5 Christmas hat.csproj", "{AFACAF4A-50E6-419F-B028-5E9ED49A2925}"
EndProject
Project("{FAE04EC0-301F-11D3-BF4B-00C04F79EFBC}") = "Kombinacii ot bukvi", "Kombinacii ot bukvi\Kombinacii ot bukvi.csproj", "{0DA979B0-E6D2-4C16-95BC-1C467DDD5916}"
EndProject
Global
	GlobalSection(SolutionConfigurationPlatforms) = preSolution
		Debug|Any CPU = Debug|Any CPU
		Release|Any CPU = Release|Any CPU
	EndGlobalSection
	GlobalSection(ProjectConfigurationPlatforms) = postSolution
		{36C9073F-ECCE-40E9-A91F-230C4DCE7797}.Debug|Any CPU.ActiveCfg = Debug|Any CPU
		{36C9073F-ECCE-40E9-A91F-230C4DCE7797}.Debug|Any CPU.Build.0 = Debug|Any CPU
		{36C9073F-ECCE-40E9-A91F-230C4DCE7797}.Release|Any CPU.ActiveCfg = Release|Any CPU
		{36C9073F-ECCE-40E9-A91F-230C4DCE7797}.Release|Any CPU.Build.0 = Release|Any CPU
		{E210DC7E-8E42-4E04-9D97-DC1E96D3AF6B}.Debug|Any CPU.ActiveCfg = Debug|Any CPU
		{E210DC7E-8E42-4E04-9D97-DC1E96D3AF6B}.Debug|Any CPU.Build.0 = Debug|Any CPU
		{E210DC7E-8E42-4E04-9D97-DC1E96D3AF6B}.Release|Any CPU.ActiveCfg = Release|Any CPU
		{E210DC7E-8E42-4E04-9D97-DC1E96D3AF6B}.Release|Any CPU.Build.0 = Release|Any CPU
		{42F1FF7A-5410-4576-8D25-622E2C85CCC0}.Debug|Any CPU.ActiveCfg = Debug|Any CPU
		{42F1FF7A-5410-4576-8D25-622E2C85CCC0}.Debug|Any CPU.Build.0 = Debug|Any CPU
		{42F1FF7A-5410-4576-8D25-622E2C85CCC0}.Release|Any CPU.ActiveCfg = Release|Any CPU
		{42F1FF7A-5410-4576-8D25-622E2C85CCC0}.Release|Any CPU.Build.0 = Release|Any CPU
		{A4CF7DE3-8F05-4187-ABE8-FFC8A3BE96E0}.Debug|Any CPU.ActiveCfg = Debug|Any CPU
		{A4CF7DE3-8F05-4187-ABE8-FFC8A3BE96E0}.Debug|Any CPU.Build.0 = Debug|Any CPU
		{A4CF7DE3-8F05-4187-ABE8-FFC8A3BE96E0}.Release|Any CPU.ActiveCfg = Release|Any CPU
		{A4CF7DE3-8F05-4187-ABE8-FFC8A3BE96E0}.Release|Any CPU.Build.0 = Release|Any CPU
		{0505B234-AF3B-478D-9623-716F855BDFBB}.Debug|Any CPU.ActiveCfg = Debug|Any CPU
		{0505B234-AF3B-478D-9623-716F855BDFBB}.Debug|Any CPU.Build.0 = Debug|Any CPU
		{0505B234-AF3B-478D-9623-716F855BDFBB}.Release|Any CPU.ActiveCfg = Release|Any CPU
		{0505B234-AF3B-478D-9623-716F855BDFBB}.Release|Any CPU.Build.0 = Release|Any CPU
		{AFACAF4A-50E6-419F-B028-5E9ED49A2925}.Debug|Any CPU.ActiveCfg = Debug|Any CPU
		{AFACAF4A-50E6-419F-B028-5E9ED49A2925}.Debug|Any CPU.Build.0 = Debug|Any CPU
		{AFACAF4A-50E6-419F-B028-5E9ED49A2925}.Release|Any CPU.ActiveCfg = Release|Any CPU
		{AFACAF4A-50E6-419F-B028-5E9ED49A2925}.Release|Any CPU.Build.0 = Release|Any CPU
		{0DA979B0-E6D2-4C16-95BC-1C467DDD5916}.Debug|Any CPU.ActiveCfg = Debug|Any CPU
		{0DA979B0-E6D2-4C16-95BC-1C467DDD5916}.Debug|Any CPU.Build.0 = Debug|Any CPU
		{0DA979B0-E6D2-4C16-95BC-1C467DDD5916}.Release|Any CPU.ActiveCfg = Release|Any CPU
		{0DA979B0-E6D2-4C16-95BC-1C467DDD5916}.Release|Any CPU.Build.0 = Release|Any CPU
	EndGlobalSection
	GlobalSection(SolutionProperties) = preSolution
		HideSolutionNode = FALSE
	EndGlobalSection
EndGlobal
