
Microsoft Visual Studio Solution File, Format Version 12.00
# Visual Studio 15
VisualStudioVersion = 15.0.27004.2009
MinimumVisualStudioVersion = 10.0.40219.1
Project("{9A19103F-16F7-4668-BE54-9A1E7A4F7556}") = "ProductsShop.App", "ProductsShop.App\ProductsShop.App.csproj", "{FCB0AE32-A8F6-4C35-BFD8-9EFFF3C84EB6}"
EndProject
Project("{9A19103F-16F7-4668-BE54-9A1E7A4F7556}") = "ProductsShop.Data", "ProductsShop.Data\ProductsShop.Data.csproj", "{9DB57ADE-C1FF-4741-87FF-8E27A9D8A46B}"
EndProject
Project("{9A19103F-16F7-4668-BE54-9A1E7A4F7556}") = "ProductsShop.Models", "ProductsShop.Models\ProductsShop.Models.csproj", "{8D57F2E6-FA5B-471B-8AC5-844D2EF95ABD}"
EndProject
Project("{FAE04EC0-301F-11D3-BF4B-00C04F79EFBC}") = "ProductsShop.Services", "ProductsShop.Services\ProductsShop.Services.csproj", "{859ED15B-887A-40D9-8737-AE0EA0B28F2A}"
EndProject
Global
	GlobalSection(SolutionConfigurationPlatforms) = preSolution
		Debug|Any CPU = Debug|Any CPU
		Release|Any CPU = Release|Any CPU
	EndGlobalSection
	GlobalSection(ProjectConfigurationPlatforms) = postSolution
		{FCB0AE32-A8F6-4C35-BFD8-9EFFF3C84EB6}.Debug|Any CPU.ActiveCfg = Debug|Any CPU
		{FCB0AE32-A8F6-4C35-BFD8-9EFFF3C84EB6}.Debug|Any CPU.Build.0 = Debug|Any CPU
		{FCB0AE32-A8F6-4C35-BFD8-9EFFF3C84EB6}.Release|Any CPU.ActiveCfg = Release|Any CPU
		{FCB0AE32-A8F6-4C35-BFD8-9EFFF3C84EB6}.Release|Any CPU.Build.0 = Release|Any CPU
		{9DB57ADE-C1FF-4741-87FF-8E27A9D8A46B}.Debug|Any CPU.ActiveCfg = Debug|Any CPU
		{9DB57ADE-C1FF-4741-87FF-8E27A9D8A46B}.Debug|Any CPU.Build.0 = Debug|Any CPU
		{9DB57ADE-C1FF-4741-87FF-8E27A9D8A46B}.Release|Any CPU.ActiveCfg = Release|Any CPU
		{9DB57ADE-C1FF-4741-87FF-8E27A9D8A46B}.Release|Any CPU.Build.0 = Release|Any CPU
		{8D57F2E6-FA5B-471B-8AC5-844D2EF95ABD}.Debug|Any CPU.ActiveCfg = Debug|Any CPU
		{8D57F2E6-FA5B-471B-8AC5-844D2EF95ABD}.Debug|Any CPU.Build.0 = Debug|Any CPU
		{8D57F2E6-FA5B-471B-8AC5-844D2EF95ABD}.Release|Any CPU.ActiveCfg = Release|Any CPU
		{8D57F2E6-FA5B-471B-8AC5-844D2EF95ABD}.Release|Any CPU.Build.0 = Release|Any CPU
		{859ED15B-887A-40D9-8737-AE0EA0B28F2A}.Debug|Any CPU.ActiveCfg = Debug|Any CPU
		{859ED15B-887A-40D9-8737-AE0EA0B28F2A}.Debug|Any CPU.Build.0 = Debug|Any CPU
		{859ED15B-887A-40D9-8737-AE0EA0B28F2A}.Release|Any CPU.ActiveCfg = Release|Any CPU
		{859ED15B-887A-40D9-8737-AE0EA0B28F2A}.Release|Any CPU.Build.0 = Release|Any CPU
	EndGlobalSection
	GlobalSection(SolutionProperties) = preSolution
		HideSolutionNode = FALSE
	EndGlobalSection
	GlobalSection(ExtensibilityGlobals) = postSolution
		SolutionGuid = {CFD8DE81-F06D-405E-8650-4F017A98BFEA}
	EndGlobalSection
EndGlobal
