
Microsoft Visual Studio Solution File, Format Version 12.00
# Visual Studio 14
VisualStudioVersion = 14.0.25420.1
MinimumVisualStudioVersion = 10.0.40219.1
Project("{FAE04EC0-301F-11D3-BF4B-00C04F79EFBC}") = "ObjectsClassesFilesAndExceptionsMoreExe", "ObjectsClassesFilesAndExceptionsMoreExe\ObjectsClassesFilesAndExceptionsMoreExe.csproj", "{8F37FE38-22AC-40E1-906C-C6BA3E8F4344}"
EndProject
Project("{FAE04EC0-301F-11D3-BF4B-00C04F79EFBC}") = "01.OrderByAge", "01.OrderByAge\01.OrderByAge.csproj", "{193E224A-41F4-411C-922A-3C8CAE718DE1}"
EndProject
Project("{FAE04EC0-301F-11D3-BF4B-00C04F79EFBC}") = "02.VehicleCatalogue", "02.VehicleCatalogue\02.VehicleCatalogue.csproj", "{B00C5721-502F-4C6F-9941-A6749163C5A8}"
EndProject
Project("{FAE04EC0-301F-11D3-BF4B-00C04F79EFBC}") = "03.Jarvis", "03.Jarvis\03.Jarvis.csproj", "{E116ECB5-09D5-405E-BB89-CCBC5A952CB0}"
EndProject
Project("{FAE04EC0-301F-11D3-BF4B-00C04F79EFBC}") = "04.PunctuationFinder", "04.PunctuationFinder\04.PunctuationFinder.csproj", "{D9BBA945-933C-4DA2-B56B-D64AA43A7A73}"
EndProject
Project("{FAE04EC0-301F-11D3-BF4B-00C04F79EFBC}") = "05.WriteToFile", "05.WriteToFile\05.WriteToFile.csproj", "{91CD8563-85CA-466F-90A8-FEAAEC82072F}"
EndProject
Project("{FAE04EC0-301F-11D3-BF4B-00C04F79EFBC}") = "07.PlayCatch", "07.PlayCatch\07.PlayCatch.csproj", "{F3F11DB6-7205-45B1-A719-47D1B50344BA}"
EndProject
Project("{FAE04EC0-301F-11D3-BF4B-00C04F79EFBC}") = "08.PersonalException", "08.PersonalException\08.PersonalException.csproj", "{BE4E62F9-AB89-48E4-BDEC-AEC7B31289DC}"
EndProject
Global
	GlobalSection(SolutionConfigurationPlatforms) = preSolution
		Debug|Any CPU = Debug|Any CPU
		Release|Any CPU = Release|Any CPU
	EndGlobalSection
	GlobalSection(ProjectConfigurationPlatforms) = postSolution
		{8F37FE38-22AC-40E1-906C-C6BA3E8F4344}.Debug|Any CPU.ActiveCfg = Debug|Any CPU
		{8F37FE38-22AC-40E1-906C-C6BA3E8F4344}.Debug|Any CPU.Build.0 = Debug|Any CPU
		{8F37FE38-22AC-40E1-906C-C6BA3E8F4344}.Release|Any CPU.ActiveCfg = Release|Any CPU
		{8F37FE38-22AC-40E1-906C-C6BA3E8F4344}.Release|Any CPU.Build.0 = Release|Any CPU
		{193E224A-41F4-411C-922A-3C8CAE718DE1}.Debug|Any CPU.ActiveCfg = Debug|Any CPU
		{193E224A-41F4-411C-922A-3C8CAE718DE1}.Debug|Any CPU.Build.0 = Debug|Any CPU
		{193E224A-41F4-411C-922A-3C8CAE718DE1}.Release|Any CPU.ActiveCfg = Release|Any CPU
		{193E224A-41F4-411C-922A-3C8CAE718DE1}.Release|Any CPU.Build.0 = Release|Any CPU
		{B00C5721-502F-4C6F-9941-A6749163C5A8}.Debug|Any CPU.ActiveCfg = Debug|Any CPU
		{B00C5721-502F-4C6F-9941-A6749163C5A8}.Debug|Any CPU.Build.0 = Debug|Any CPU
		{B00C5721-502F-4C6F-9941-A6749163C5A8}.Release|Any CPU.ActiveCfg = Release|Any CPU
		{B00C5721-502F-4C6F-9941-A6749163C5A8}.Release|Any CPU.Build.0 = Release|Any CPU
		{E116ECB5-09D5-405E-BB89-CCBC5A952CB0}.Debug|Any CPU.ActiveCfg = Debug|Any CPU
		{E116ECB5-09D5-405E-BB89-CCBC5A952CB0}.Debug|Any CPU.Build.0 = Debug|Any CPU
		{E116ECB5-09D5-405E-BB89-CCBC5A952CB0}.Release|Any CPU.ActiveCfg = Release|Any CPU
		{E116ECB5-09D5-405E-BB89-CCBC5A952CB0}.Release|Any CPU.Build.0 = Release|Any CPU
		{D9BBA945-933C-4DA2-B56B-D64AA43A7A73}.Debug|Any CPU.ActiveCfg = Debug|Any CPU
		{D9BBA945-933C-4DA2-B56B-D64AA43A7A73}.Debug|Any CPU.Build.0 = Debug|Any CPU
		{D9BBA945-933C-4DA2-B56B-D64AA43A7A73}.Release|Any CPU.ActiveCfg = Release|Any CPU
		{D9BBA945-933C-4DA2-B56B-D64AA43A7A73}.Release|Any CPU.Build.0 = Release|Any CPU
		{91CD8563-85CA-466F-90A8-FEAAEC82072F}.Debug|Any CPU.ActiveCfg = Debug|Any CPU
		{91CD8563-85CA-466F-90A8-FEAAEC82072F}.Debug|Any CPU.Build.0 = Debug|Any CPU
		{91CD8563-85CA-466F-90A8-FEAAEC82072F}.Release|Any CPU.ActiveCfg = Release|Any CPU
		{91CD8563-85CA-466F-90A8-FEAAEC82072F}.Release|Any CPU.Build.0 = Release|Any CPU
		{F3F11DB6-7205-45B1-A719-47D1B50344BA}.Debug|Any CPU.ActiveCfg = Debug|Any CPU
		{F3F11DB6-7205-45B1-A719-47D1B50344BA}.Debug|Any CPU.Build.0 = Debug|Any CPU
		{F3F11DB6-7205-45B1-A719-47D1B50344BA}.Release|Any CPU.ActiveCfg = Release|Any CPU
		{F3F11DB6-7205-45B1-A719-47D1B50344BA}.Release|Any CPU.Build.0 = Release|Any CPU
		{BE4E62F9-AB89-48E4-BDEC-AEC7B31289DC}.Debug|Any CPU.ActiveCfg = Debug|Any CPU
		{BE4E62F9-AB89-48E4-BDEC-AEC7B31289DC}.Debug|Any CPU.Build.0 = Debug|Any CPU
		{BE4E62F9-AB89-48E4-BDEC-AEC7B31289DC}.Release|Any CPU.ActiveCfg = Release|Any CPU
		{BE4E62F9-AB89-48E4-BDEC-AEC7B31289DC}.Release|Any CPU.Build.0 = Release|Any CPU
	EndGlobalSection
	GlobalSection(SolutionProperties) = preSolution
		HideSolutionNode = FALSE
	EndGlobalSection
EndGlobal
