
Microsoft Visual Studio Solution File, Format Version 12.00
# Visual Studio 14
VisualStudioVersion = 14.0.25420.1
MinimumVisualStudioVersion = 10.0.40219.1
Project("{FAE04EC0-301F-11D3-BF4B-00C04F79EFBC}") = "1. Define Bank Account Class", "1. Define Bank Account Class\1. Define Bank Account Class.csproj", "{551811D1-EB83-4B01-AC6F-54160FDDDD97}"
EndProject
Project("{FAE04EC0-301F-11D3-BF4B-00C04F79EFBC}") = "Define Person Class2", "..\..\..\..\..\Define Person Class2\Define Person Class2.csproj", "{03F51337-07C3-4041-B8A6-F5338A2A86F4}"
EndProject
Global
	GlobalSection(SolutionConfigurationPlatforms) = preSolution
		Debug|Any CPU = Debug|Any CPU
		Release|Any CPU = Release|Any CPU
	EndGlobalSection
	GlobalSection(ProjectConfigurationPlatforms) = postSolution
		{551811D1-EB83-4B01-AC6F-54160FDDDD97}.Debug|Any CPU.ActiveCfg = Debug|Any CPU
		{551811D1-EB83-4B01-AC6F-54160FDDDD97}.Debug|Any CPU.Build.0 = Debug|Any CPU
		{551811D1-EB83-4B01-AC6F-54160FDDDD97}.Release|Any CPU.ActiveCfg = Release|Any CPU
		{551811D1-EB83-4B01-AC6F-54160FDDDD97}.Release|Any CPU.Build.0 = Release|Any CPU
		{03F51337-07C3-4041-B8A6-F5338A2A86F4}.Debug|Any CPU.ActiveCfg = Debug|Any CPU
		{03F51337-07C3-4041-B8A6-F5338A2A86F4}.Debug|Any CPU.Build.0 = Debug|Any CPU
		{03F51337-07C3-4041-B8A6-F5338A2A86F4}.Release|Any CPU.ActiveCfg = Release|Any CPU
		{03F51337-07C3-4041-B8A6-F5338A2A86F4}.Release|Any CPU.Build.0 = Release|Any CPU
	EndGlobalSection
	GlobalSection(SolutionProperties) = preSolution
		HideSolutionNode = FALSE
	EndGlobalSection
EndGlobal
