
Microsoft Visual Studio Solution File, Format Version 12.00
# Visual Studio 15
VisualStudioVersion = 15.0.27703.2042
MinimumVisualStudioVersion = 10.0.40219.1
Project("{9A19103F-16F7-4668-BE54-9A1E7A4F7556}") = "DotNetCoreAppDemo", "DotNetCoreAppDemo\DotNetCoreAppDemo.csproj", "{0FB73DFC-A04D-4032-A6A8-B6482BF3C264}"
EndProject
Project("{9A19103F-16F7-4668-BE54-9A1E7A4F7556}") = "PagesDemo", "PagesDemo\PagesDemo.csproj", "{41DD80D4-FBE4-4A30-9142-4EABE2E66CA3}"
EndProject
Project("{FAE04EC0-301F-11D3-BF4B-00C04F79EFBC}") = "Notes", "Notes\Notes.csproj", "{1B63BCDF-A21A-4400-A450-8880CC69786B}"
EndProject
Global
	GlobalSection(SolutionConfigurationPlatforms) = preSolution
		Debug|Any CPU = Debug|Any CPU
		Release|Any CPU = Release|Any CPU
	EndGlobalSection
	GlobalSection(ProjectConfigurationPlatforms) = postSolution
		{0FB73DFC-A04D-4032-A6A8-B6482BF3C264}.Debug|Any CPU.ActiveCfg = Debug|Any CPU
		{0FB73DFC-A04D-4032-A6A8-B6482BF3C264}.Debug|Any CPU.Build.0 = Debug|Any CPU
		{0FB73DFC-A04D-4032-A6A8-B6482BF3C264}.Release|Any CPU.ActiveCfg = Release|Any CPU
		{0FB73DFC-A04D-4032-A6A8-B6482BF3C264}.Release|Any CPU.Build.0 = Release|Any CPU
		{41DD80D4-FBE4-4A30-9142-4EABE2E66CA3}.Debug|Any CPU.ActiveCfg = Debug|Any CPU
		{41DD80D4-FBE4-4A30-9142-4EABE2E66CA3}.Debug|Any CPU.Build.0 = Debug|Any CPU
		{41DD80D4-FBE4-4A30-9142-4EABE2E66CA3}.Release|Any CPU.ActiveCfg = Release|Any CPU
		{41DD80D4-FBE4-4A30-9142-4EABE2E66CA3}.Release|Any CPU.Build.0 = Release|Any CPU
		{1B63BCDF-A21A-4400-A450-8880CC69786B}.Debug|Any CPU.ActiveCfg = Debug|Any CPU
		{1B63BCDF-A21A-4400-A450-8880CC69786B}.Debug|Any CPU.Build.0 = Debug|Any CPU
		{1B63BCDF-A21A-4400-A450-8880CC69786B}.Release|Any CPU.ActiveCfg = Release|Any CPU
		{1B63BCDF-A21A-4400-A450-8880CC69786B}.Release|Any CPU.Build.0 = Release|Any CPU
	EndGlobalSection
	GlobalSection(SolutionProperties) = preSolution
		HideSolutionNode = FALSE
	EndGlobalSection
	GlobalSection(ExtensibilityGlobals) = postSolution
		SolutionGuid = {D943A033-E7A9-4E88-82C6-03EBA6045EE8}
	EndGlobalSection
EndGlobal
